<?xml version="1.0" encoding="UTF-8" standalone="yes" ?>
<CodeBlocks_project_file>
	<FileVersion major="1" minor="6" />
	<Project>
		<Option title="example" />
		<Option pch_mode="2" />
		<Option compiler="gcc" />
		<Build>
			<Target title="Debug">
				<Option output="../test/bin/test" prefix_auto="1" extension_auto="1" />
				<Option working_dir="../test/bin" />
				<Option object_output="../test/obj" />
				<Option type="1" />
				<Option compiler="gcc" />
				<Compiler>
					<Add option="-g" />
				</Compiler>
			</Target>
			<Target title="Release">
				<Option output="../test/bin/test" prefix_auto="1" extension_auto="1" />
				<Option working_dir="../test/bin" />
				<Option object_output="../test/obj" />
				<Option type="1" />
				<Option compiler="gcc" />
				<Compiler>
					<Add option="-O2" />
				</Compiler>
				<Linker>
					<Add option="-s" />
				</Linker>
			</Target>
		</Build>
		<Compiler>
			<Add option="-Wall" />
			<Add option="-DWIN_OS" />
			<Add directory="../../../include" />
		</Compiler>
		<ExtraCommands>
			<Add before="cp ../../../_release/libdspl.dll ../test/bin/libdspl.dll" />
		</ExtraCommands>
		<Unit filename="../../../include/dspl.c">
			<Option compilerVar="CC" />
		</Unit>
		<Unit filename="../../../include/dspl.h" />
		<Unit filename="../test/src/test.c">
			<Option compilerVar="CC" />
		</Unit>
		<Extensions />
	</Project>
</CodeBlocks_project_file>
