<?xml version="1.0" encoding="UTF-8" standalone="yes" ?>
<CodeBlocks_project_file>
	<FileVersion major="1" minor="6" />
	<Project>
		<Option title="lapack_complex" />
		<Option pch_mode="2" />
		<Option compiler="gcc" />
		<Build>
			<Target title="Debug">
				<Option output="../../lapack/bin/lapack_complex" prefix_auto="1" extension_auto="1" />
				<Option working_dir="" />
				<Option object_output="../../lapack/obj/" />
				<Option type="2" />
				<Option compiler="gcc" />
				<Option createDefFile="1" />
				<Compiler>
					<Add option="-Wall" />
					<Add option="-g" />
				</Compiler>
			</Target>
			<Target title="Release">
				<Option output="../../lapack/bin/lapack_complex" prefix_auto="1" extension_auto="1" />
				<Option working_dir="" />
				<Option object_output="../../lapack/obj/" />
				<Option type="2" />
				<Option compiler="gcc" />
				<Option createDefFile="1" />
				<Compiler>
					<Add option="-Wall" />
					<Add option="-O2" />
				</Compiler>
				<Linker>
					<Add option="-s" />
				</Linker>
			</Target>
		</Build>
		<Unit filename="../../lapack/src/icmax1.f">
			<Option weight="0" />
		</Unit>
		<Unit filename="../../lapack/src/ieeeck.f">
			<Option weight="0" />
		</Unit>
		<Unit filename="../../lapack/src/ilaclc.f">
			<Option weight="0" />
		</Unit>
		<Unit filename="../../lapack/src/ilaclr.f">
			<Option weight="0" />
		</Unit>
		<Unit filename="../../lapack/src/iladiag.f">
			<Option weight="0" />
		</Unit>
		<Unit filename="../../lapack/src/iladlc.f">
			<Option weight="0" />
		</Unit>
		<Unit filename="../../lapack/src/iladlr.f">
			<Option weight="0" />
		</Unit>
		<Unit filename="../../lapack/src/ilaenv.f">
			<Option weight="0" />
		</Unit>
		<Unit filename="../../lapack/src/ilaenv2stage.f">
			<Option weight="0" />
		</Unit>
		<Unit filename="../../lapack/src/ilaprec.f">
			<Option weight="0" />
		</Unit>
		<Unit filename="../../lapack/src/ilaslc.f">
			<Option weight="0" />
		</Unit>
		<Unit filename="../../lapack/src/ilaslr.f">
			<Option weight="0" />
		</Unit>
		<Unit filename="../../lapack/src/ilatrans.f">
			<Option weight="0" />
		</Unit>
		<Unit filename="../../lapack/src/ilauplo.f">
			<Option weight="0" />
		</Unit>
		<Unit filename="../../lapack/src/ilazlc.f">
			<Option weight="0" />
		</Unit>
		<Unit filename="../../lapack/src/ilazlr.f">
			<Option weight="0" />
		</Unit>
		<Unit filename="../../lapack/src/iparam2stage.F">
			<Option weight="0" />
		</Unit>
		<Unit filename="../../lapack/src/iparmq.f">
			<Option weight="0" />
		</Unit>
		<Unit filename="../../lapack/src/izmax1.f">
			<Option weight="0" />
		</Unit>
		<Unit filename="../../lapack/src/zbbcsd.f">
			<Option weight="0" />
		</Unit>
		<Unit filename="../../lapack/src/zbdsqr.f">
			<Option weight="0" />
		</Unit>
		<Unit filename="../../lapack/src/zcgesv.f">
			<Option weight="0" />
		</Unit>
		<Unit filename="../../lapack/src/zcposv.f">
			<Option weight="0" />
		</Unit>
		<Unit filename="../../lapack/src/zdrscl.f">
			<Option weight="0" />
		</Unit>
		<Unit filename="../../lapack/src/zgbbrd.f">
			<Option weight="0" />
		</Unit>
		<Unit filename="../../lapack/src/zgbcon.f">
			<Option weight="0" />
		</Unit>
		<Unit filename="../../lapack/src/zgbequ.f">
			<Option weight="0" />
		</Unit>
		<Unit filename="../../lapack/src/zgbequb.f">
			<Option weight="0" />
		</Unit>
		<Unit filename="../../lapack/src/zgbrfs.f">
			<Option weight="0" />
		</Unit>
		<Unit filename="../../lapack/src/zgbrfsx.f">
			<Option weight="0" />
		</Unit>
		<Unit filename="../../lapack/src/zgbsv.f">
			<Option weight="0" />
		</Unit>
		<Unit filename="../../lapack/src/zgbsvx.f">
			<Option weight="0" />
		</Unit>
		<Unit filename="../../lapack/src/zgbsvxx.f">
			<Option weight="0" />
		</Unit>
		<Unit filename="../../lapack/src/zgbtf2.f">
			<Option weight="0" />
		</Unit>
		<Unit filename="../../lapack/src/zgbtrf.f">
			<Option weight="0" />
		</Unit>
		<Unit filename="../../lapack/src/zgbtrs.f">
			<Option weight="0" />
		</Unit>
		<Unit filename="../../lapack/src/zgebak.f">
			<Option weight="0" />
		</Unit>
		<Unit filename="../../lapack/src/zgebal.f">
			<Option weight="0" />
		</Unit>
		<Unit filename="../../lapack/src/zgebd2.f">
			<Option weight="0" />
		</Unit>
		<Unit filename="../../lapack/src/zgebrd.f">
			<Option weight="0" />
		</Unit>
		<Unit filename="../../lapack/src/zgecon.f">
			<Option weight="0" />
		</Unit>
		<Unit filename="../../lapack/src/zgeequ.f">
			<Option weight="0" />
		</Unit>
		<Unit filename="../../lapack/src/zgeequb.f">
			<Option weight="0" />
		</Unit>
		<Unit filename="../../lapack/src/zgees.f">
			<Option weight="0" />
		</Unit>
		<Unit filename="../../lapack/src/zgeesx.f">
			<Option weight="0" />
		</Unit>
		<Unit filename="../../lapack/src/zgeev.f">
			<Option weight="0" />
		</Unit>
		<Unit filename="../../lapack/src/zgeevx.f">
			<Option weight="0" />
		</Unit>
		<Unit filename="../../lapack/src/zgehd2.f">
			<Option weight="0" />
		</Unit>
		<Unit filename="../../lapack/src/zgehrd.f">
			<Option weight="0" />
		</Unit>
		<Unit filename="../../lapack/src/zgejsv.f">
			<Option weight="0" />
		</Unit>
		<Unit filename="../../lapack/src/zgelq.f">
			<Option weight="0" />
		</Unit>
		<Unit filename="../../lapack/src/zgelq2.f">
			<Option weight="0" />
		</Unit>
		<Unit filename="../../lapack/src/zgelqf.f">
			<Option weight="0" />
		</Unit>
		<Unit filename="../../lapack/src/zgelqt.f">
			<Option weight="0" />
		</Unit>
		<Unit filename="../../lapack/src/zgelqt3.f">
			<Option weight="0" />
		</Unit>
		<Unit filename="../../lapack/src/zgels.f">
			<Option weight="0" />
		</Unit>
		<Unit filename="../../lapack/src/zgelsd.f">
			<Option weight="0" />
		</Unit>
		<Unit filename="../../lapack/src/zgelss.f">
			<Option weight="0" />
		</Unit>
		<Unit filename="../../lapack/src/zgelsy.f">
			<Option weight="0" />
		</Unit>
		<Unit filename="../../lapack/src/zgemlq.f">
			<Option weight="0" />
		</Unit>
		<Unit filename="../../lapack/src/zgemlqt.f">
			<Option weight="0" />
		</Unit>
		<Unit filename="../../lapack/src/zgemqr.f">
			<Option weight="0" />
		</Unit>
		<Unit filename="../../lapack/src/zgemqrt.f">
			<Option weight="0" />
		</Unit>
		<Unit filename="../../lapack/src/zgeql2.f">
			<Option weight="0" />
		</Unit>
		<Unit filename="../../lapack/src/zgeqlf.f">
			<Option weight="0" />
		</Unit>
		<Unit filename="../../lapack/src/zgeqp3.f">
			<Option weight="0" />
		</Unit>
		<Unit filename="../../lapack/src/zgeqr.f">
			<Option weight="0" />
		</Unit>
		<Unit filename="../../lapack/src/zgeqr2.f">
			<Option weight="0" />
		</Unit>
		<Unit filename="../../lapack/src/zgeqr2p.f">
			<Option weight="0" />
		</Unit>
		<Unit filename="../../lapack/src/zgeqrf.f">
			<Option weight="0" />
		</Unit>
		<Unit filename="../../lapack/src/zgeqrfp.f">
			<Option weight="0" />
		</Unit>
		<Unit filename="../../lapack/src/zgeqrt.f">
			<Option weight="0" />
		</Unit>
		<Unit filename="../../lapack/src/zgeqrt2.f">
			<Option weight="0" />
		</Unit>
		<Unit filename="../../lapack/src/zgeqrt3.f">
			<Option weight="0" />
		</Unit>
		<Unit filename="../../lapack/src/zgerfs.f">
			<Option weight="0" />
		</Unit>
		<Unit filename="../../lapack/src/zgerfsx.f">
			<Option weight="0" />
		</Unit>
		<Unit filename="../../lapack/src/zgerq2.f">
			<Option weight="0" />
		</Unit>
		<Unit filename="../../lapack/src/zgerqf.f">
			<Option weight="0" />
		</Unit>
		<Unit filename="../../lapack/src/zgesc2.f">
			<Option weight="0" />
		</Unit>
		<Unit filename="../../lapack/src/zgesdd.f">
			<Option weight="0" />
		</Unit>
		<Unit filename="../../lapack/src/zgesv.f">
			<Option weight="0" />
		</Unit>
		<Unit filename="../../lapack/src/zgesvd.f">
			<Option weight="0" />
		</Unit>
		<Unit filename="../../lapack/src/zgesvdx.f">
			<Option weight="0" />
		</Unit>
		<Unit filename="../../lapack/src/zgesvj.f">
			<Option weight="0" />
		</Unit>
		<Unit filename="../../lapack/src/zgesvx.f">
			<Option weight="0" />
		</Unit>
		<Unit filename="../../lapack/src/zgesvxx.f">
			<Option weight="0" />
		</Unit>
		<Unit filename="../../lapack/src/zgetc2.f">
			<Option weight="0" />
		</Unit>
		<Unit filename="../../lapack/src/zgetf2.f">
			<Option weight="0" />
		</Unit>
		<Unit filename="../../lapack/src/zgetrf.f">
			<Option weight="0" />
		</Unit>
		<Unit filename="../../lapack/src/zgetrf2.f">
			<Option weight="0" />
		</Unit>
		<Unit filename="../../lapack/src/zgetri.f">
			<Option weight="0" />
		</Unit>
		<Unit filename="../../lapack/src/zgetrs.f">
			<Option weight="0" />
		</Unit>
		<Unit filename="../../lapack/src/zgetsls.f">
			<Option weight="0" />
		</Unit>
		<Unit filename="../../lapack/src/zggbak.f">
			<Option weight="0" />
		</Unit>
		<Unit filename="../../lapack/src/zggbal.f">
			<Option weight="0" />
		</Unit>
		<Unit filename="../../lapack/src/zgges.f">
			<Option weight="0" />
		</Unit>
		<Unit filename="../../lapack/src/zgges3.f">
			<Option weight="0" />
		</Unit>
		<Unit filename="../../lapack/src/zggesx.f">
			<Option weight="0" />
		</Unit>
		<Unit filename="../../lapack/src/zggev.f">
			<Option weight="0" />
		</Unit>
		<Unit filename="../../lapack/src/zggev3.f">
			<Option weight="0" />
		</Unit>
		<Unit filename="../../lapack/src/zggevx.f">
			<Option weight="0" />
		</Unit>
		<Unit filename="../../lapack/src/zggglm.f">
			<Option weight="0" />
		</Unit>
		<Unit filename="../../lapack/src/zgghd3.f">
			<Option weight="0" />
		</Unit>
		<Unit filename="../../lapack/src/zgghrd.f">
			<Option weight="0" />
		</Unit>
		<Unit filename="../../lapack/src/zgglse.f">
			<Option weight="0" />
		</Unit>
		<Unit filename="../../lapack/src/zggqrf.f">
			<Option weight="0" />
		</Unit>
		<Unit filename="../../lapack/src/zggrqf.f">
			<Option weight="0" />
		</Unit>
		<Unit filename="../../lapack/src/zggsvd3.f">
			<Option weight="0" />
		</Unit>
		<Unit filename="../../lapack/src/zggsvp3.f">
			<Option weight="0" />
		</Unit>
		<Unit filename="../../lapack/src/zgsvj0.f">
			<Option weight="0" />
		</Unit>
		<Unit filename="../../lapack/src/zgsvj1.f">
			<Option weight="0" />
		</Unit>
		<Unit filename="../../lapack/src/zgtcon.f">
			<Option weight="0" />
		</Unit>
		<Unit filename="../../lapack/src/zgtrfs.f">
			<Option weight="0" />
		</Unit>
		<Unit filename="../../lapack/src/zgtsv.f">
			<Option weight="0" />
		</Unit>
		<Unit filename="../../lapack/src/zgtsvx.f">
			<Option weight="0" />
		</Unit>
		<Unit filename="../../lapack/src/zgttrf.f">
			<Option weight="0" />
		</Unit>
		<Unit filename="../../lapack/src/zgttrs.f">
			<Option weight="0" />
		</Unit>
		<Unit filename="../../lapack/src/zgtts2.f">
			<Option weight="0" />
		</Unit>
		<Unit filename="../../lapack/src/zhb2st_kernels.f">
			<Option weight="0" />
		</Unit>
		<Unit filename="../../lapack/src/zhbev.f">
			<Option weight="0" />
		</Unit>
		<Unit filename="../../lapack/src/zhbev_2stage.f">
			<Option weight="0" />
		</Unit>
		<Unit filename="../../lapack/src/zhbevd.f">
			<Option weight="0" />
		</Unit>
		<Unit filename="../../lapack/src/zhbevd_2stage.f">
			<Option weight="0" />
		</Unit>
		<Unit filename="../../lapack/src/zhbevx.f">
			<Option weight="0" />
		</Unit>
		<Unit filename="../../lapack/src/zhbevx_2stage.f">
			<Option weight="0" />
		</Unit>
		<Unit filename="../../lapack/src/zhbgst.f">
			<Option weight="0" />
		</Unit>
		<Unit filename="../../lapack/src/zhbgv.f">
			<Option weight="0" />
		</Unit>
		<Unit filename="../../lapack/src/zhbgvd.f">
			<Option weight="0" />
		</Unit>
		<Unit filename="../../lapack/src/zhbgvx.f">
			<Option weight="0" />
		</Unit>
		<Unit filename="../../lapack/src/zhbtrd.f">
			<Option weight="0" />
		</Unit>
		<Unit filename="../../lapack/src/zhecon.f">
			<Option weight="0" />
		</Unit>
		<Unit filename="../../lapack/src/zhecon_3.f">
			<Option weight="0" />
		</Unit>
		<Unit filename="../../lapack/src/zhecon_rook.f">
			<Option weight="0" />
		</Unit>
		<Unit filename="../../lapack/src/zheequb.f">
			<Option weight="0" />
		</Unit>
		<Unit filename="../../lapack/src/zheev.f">
			<Option weight="0" />
		</Unit>
		<Unit filename="../../lapack/src/zheev_2stage.f">
			<Option weight="0" />
		</Unit>
		<Unit filename="../../lapack/src/zheevd.f">
			<Option weight="0" />
		</Unit>
		<Unit filename="../../lapack/src/zheevd_2stage.f">
			<Option weight="0" />
		</Unit>
		<Unit filename="../../lapack/src/zheevr.f">
			<Option weight="0" />
		</Unit>
		<Unit filename="../../lapack/src/zheevr_2stage.f">
			<Option weight="0" />
		</Unit>
		<Unit filename="../../lapack/src/zheevx.f">
			<Option weight="0" />
		</Unit>
		<Unit filename="../../lapack/src/zheevx_2stage.f">
			<Option weight="0" />
		</Unit>
		<Unit filename="../../lapack/src/zhegs2.f">
			<Option weight="0" />
		</Unit>
		<Unit filename="../../lapack/src/zhegst.f">
			<Option weight="0" />
		</Unit>
		<Unit filename="../../lapack/src/zhegv.f">
			<Option weight="0" />
		</Unit>
		<Unit filename="../../lapack/src/zhegv_2stage.f">
			<Option weight="0" />
		</Unit>
		<Unit filename="../../lapack/src/zhegvd.f">
			<Option weight="0" />
		</Unit>
		<Unit filename="../../lapack/src/zhegvx.f">
			<Option weight="0" />
		</Unit>
		<Unit filename="../../lapack/src/zherfs.f">
			<Option weight="0" />
		</Unit>
		<Unit filename="../../lapack/src/zherfsx.f">
			<Option weight="0" />
		</Unit>
		<Unit filename="../../lapack/src/zhesv.f">
			<Option weight="0" />
		</Unit>
		<Unit filename="../../lapack/src/zhesv_aa.f">
			<Option weight="0" />
		</Unit>
		<Unit filename="../../lapack/src/zhesv_aa_2stage.f">
			<Option weight="0" />
		</Unit>
		<Unit filename="../../lapack/src/zhesv_rk.f">
			<Option weight="0" />
		</Unit>
		<Unit filename="../../lapack/src/zhesv_rook.f">
			<Option weight="0" />
		</Unit>
		<Unit filename="../../lapack/src/zhesvx.f">
			<Option weight="0" />
		</Unit>
		<Unit filename="../../lapack/src/zhesvxx.f">
			<Option weight="0" />
		</Unit>
		<Unit filename="../../lapack/src/zheswapr.f">
			<Option weight="0" />
		</Unit>
		<Unit filename="../../lapack/src/zhetd2.f">
			<Option weight="0" />
		</Unit>
		<Unit filename="../../lapack/src/zhetf2.f">
			<Option weight="0" />
		</Unit>
		<Unit filename="../../lapack/src/zhetf2_rk.f">
			<Option weight="0" />
		</Unit>
		<Unit filename="../../lapack/src/zhetf2_rook.f">
			<Option weight="0" />
		</Unit>
		<Unit filename="../../lapack/src/zhetrd.f">
			<Option weight="0" />
		</Unit>
		<Unit filename="../../lapack/src/zhetrd_2stage.f">
			<Option weight="0" />
		</Unit>
		<Unit filename="../../lapack/src/zhetrd_hb2st.F">
			<Option weight="0" />
		</Unit>
		<Unit filename="../../lapack/src/zhetrd_he2hb.f">
			<Option weight="0" />
		</Unit>
		<Unit filename="../../lapack/src/zhetrf.f">
			<Option weight="0" />
		</Unit>
		<Unit filename="../../lapack/src/zhetrf_aa.f">
			<Option weight="0" />
		</Unit>
		<Unit filename="../../lapack/src/zhetrf_aa_2stage.f">
			<Option weight="0" />
		</Unit>
		<Unit filename="../../lapack/src/zhetrf_rk.f">
			<Option weight="0" />
		</Unit>
		<Unit filename="../../lapack/src/zhetrf_rook.f">
			<Option weight="0" />
		</Unit>
		<Unit filename="../../lapack/src/zhetri.f">
			<Option weight="0" />
		</Unit>
		<Unit filename="../../lapack/src/zhetri2.f">
			<Option weight="0" />
		</Unit>
		<Unit filename="../../lapack/src/zhetri2x.f">
			<Option weight="0" />
		</Unit>
		<Unit filename="../../lapack/src/zhetri_3.f">
			<Option weight="0" />
		</Unit>
		<Unit filename="../../lapack/src/zhetri_3x.f">
			<Option weight="0" />
		</Unit>
		<Unit filename="../../lapack/src/zhetri_rook.f">
			<Option weight="0" />
		</Unit>
		<Unit filename="../../lapack/src/zhetrs.f">
			<Option weight="0" />
		</Unit>
		<Unit filename="../../lapack/src/zhetrs2.f">
			<Option weight="0" />
		</Unit>
		<Unit filename="../../lapack/src/zhetrs_3.f">
			<Option weight="0" />
		</Unit>
		<Unit filename="../../lapack/src/zhetrs_aa.f">
			<Option weight="0" />
		</Unit>
		<Unit filename="../../lapack/src/zhetrs_aa_2stage.f">
			<Option weight="0" />
		</Unit>
		<Unit filename="../../lapack/src/zhetrs_rook.f">
			<Option weight="0" />
		</Unit>
		<Unit filename="../../lapack/src/zhfrk.f">
			<Option weight="0" />
		</Unit>
		<Unit filename="../../lapack/src/zhgeqz.f">
			<Option weight="0" />
		</Unit>
		<Unit filename="../../lapack/src/zhpcon.f">
			<Option weight="0" />
		</Unit>
		<Unit filename="../../lapack/src/zhpev.f">
			<Option weight="0" />
		</Unit>
		<Unit filename="../../lapack/src/zhpevd.f">
			<Option weight="0" />
		</Unit>
		<Unit filename="../../lapack/src/zhpevx.f">
			<Option weight="0" />
		</Unit>
		<Unit filename="../../lapack/src/zhpgst.f">
			<Option weight="0" />
		</Unit>
		<Unit filename="../../lapack/src/zhpgv.f">
			<Option weight="0" />
		</Unit>
		<Unit filename="../../lapack/src/zhpgvd.f">
			<Option weight="0" />
		</Unit>
		<Unit filename="../../lapack/src/zhpgvx.f">
			<Option weight="0" />
		</Unit>
		<Unit filename="../../lapack/src/zhprfs.f">
			<Option weight="0" />
		</Unit>
		<Unit filename="../../lapack/src/zhpsv.f">
			<Option weight="0" />
		</Unit>
		<Unit filename="../../lapack/src/zhpsvx.f">
			<Option weight="0" />
		</Unit>
		<Unit filename="../../lapack/src/zhptrd.f">
			<Option weight="0" />
		</Unit>
		<Unit filename="../../lapack/src/zhptrf.f">
			<Option weight="0" />
		</Unit>
		<Unit filename="../../lapack/src/zhptri.f">
			<Option weight="0" />
		</Unit>
		<Unit filename="../../lapack/src/zhptrs.f">
			<Option weight="0" />
		</Unit>
		<Unit filename="../../lapack/src/zhsein.f">
			<Option weight="0" />
		</Unit>
		<Unit filename="../../lapack/src/zhseqr.f">
			<Option weight="0" />
		</Unit>
		<Unit filename="../../lapack/src/zla_gbamv.f">
			<Option weight="0" />
		</Unit>
		<Unit filename="../../lapack/src/zla_gbrcond_c.f">
			<Option weight="0" />
		</Unit>
		<Unit filename="../../lapack/src/zla_gbrcond_x.f">
			<Option weight="0" />
		</Unit>
		<Unit filename="../../lapack/src/zla_gbrfsx_extended.f">
			<Option weight="0" />
		</Unit>
		<Unit filename="../../lapack/src/zla_gbrpvgrw.f">
			<Option weight="0" />
		</Unit>
		<Unit filename="../../lapack/src/zla_geamv.f">
			<Option weight="0" />
		</Unit>
		<Unit filename="../../lapack/src/zla_gercond_c.f">
			<Option weight="0" />
		</Unit>
		<Unit filename="../../lapack/src/zla_gercond_x.f">
			<Option weight="0" />
		</Unit>
		<Unit filename="../../lapack/src/zla_gerfsx_extended.f">
			<Option weight="0" />
		</Unit>
		<Unit filename="../../lapack/src/zla_gerpvgrw.f">
			<Option weight="0" />
		</Unit>
		<Unit filename="../../lapack/src/zla_heamv.f">
			<Option weight="0" />
		</Unit>
		<Unit filename="../../lapack/src/zla_hercond_c.f">
			<Option weight="0" />
		</Unit>
		<Unit filename="../../lapack/src/zla_hercond_x.f">
			<Option weight="0" />
		</Unit>
		<Unit filename="../../lapack/src/zla_herfsx_extended.f">
			<Option weight="0" />
		</Unit>
		<Unit filename="../../lapack/src/zla_herpvgrw.f">
			<Option weight="0" />
		</Unit>
		<Unit filename="../../lapack/src/zla_lin_berr.f">
			<Option weight="0" />
		</Unit>
		<Unit filename="../../lapack/src/zla_porcond_c.f">
			<Option weight="0" />
		</Unit>
		<Unit filename="../../lapack/src/zla_porcond_x.f">
			<Option weight="0" />
		</Unit>
		<Unit filename="../../lapack/src/zla_porfsx_extended.f">
			<Option weight="0" />
		</Unit>
		<Unit filename="../../lapack/src/zla_porpvgrw.f">
			<Option weight="0" />
		</Unit>
		<Unit filename="../../lapack/src/zla_syamv.f">
			<Option weight="0" />
		</Unit>
		<Unit filename="../../lapack/src/zla_syrcond_c.f">
			<Option weight="0" />
		</Unit>
		<Unit filename="../../lapack/src/zla_syrcond_x.f">
			<Option weight="0" />
		</Unit>
		<Unit filename="../../lapack/src/zla_syrfsx_extended.f">
			<Option weight="0" />
		</Unit>
		<Unit filename="../../lapack/src/zla_syrpvgrw.f">
			<Option weight="0" />
		</Unit>
		<Unit filename="../../lapack/src/zla_wwaddw.f">
			<Option weight="0" />
		</Unit>
		<Unit filename="../../lapack/src/zlabrd.f">
			<Option weight="0" />
		</Unit>
		<Unit filename="../../lapack/src/zlacgv.f">
			<Option weight="0" />
		</Unit>
		<Unit filename="../../lapack/src/zlacn2.f">
			<Option weight="0" />
		</Unit>
		<Unit filename="../../lapack/src/zlacon.f">
			<Option weight="0" />
		</Unit>
		<Unit filename="../../lapack/src/zlacp2.f">
			<Option weight="0" />
		</Unit>
		<Unit filename="../../lapack/src/zlacpy.f">
			<Option weight="0" />
		</Unit>
		<Unit filename="../../lapack/src/zlacrm.f">
			<Option weight="0" />
		</Unit>
		<Unit filename="../../lapack/src/zlacrt.f">
			<Option weight="0" />
		</Unit>
		<Unit filename="../../lapack/src/zladiv.f">
			<Option weight="0" />
		</Unit>
		<Unit filename="../../lapack/src/zlaed0.f">
			<Option weight="0" />
		</Unit>
		<Unit filename="../../lapack/src/zlaed7.f">
			<Option weight="0" />
		</Unit>
		<Unit filename="../../lapack/src/zlaed8.f">
			<Option weight="0" />
		</Unit>
		<Unit filename="../../lapack/src/zlaein.f">
			<Option weight="0" />
		</Unit>
		<Unit filename="../../lapack/src/zlaesy.f">
			<Option weight="0" />
		</Unit>
		<Unit filename="../../lapack/src/zlaev2.f">
			<Option weight="0" />
		</Unit>
		<Unit filename="../../lapack/src/zlag2c.f">
			<Option weight="0" />
		</Unit>
		<Unit filename="../../lapack/src/zlags2.f">
			<Option weight="0" />
		</Unit>
		<Unit filename="../../lapack/src/zlagtm.f">
			<Option weight="0" />
		</Unit>
		<Unit filename="../../lapack/src/zlahef.f">
			<Option weight="0" />
		</Unit>
		<Unit filename="../../lapack/src/zlahef_aa.f">
			<Option weight="0" />
		</Unit>
		<Unit filename="../../lapack/src/zlahef_rk.f">
			<Option weight="0" />
		</Unit>
		<Unit filename="../../lapack/src/zlahef_rook.f">
			<Option weight="0" />
		</Unit>
		<Unit filename="../../lapack/src/zlahqr.f">
			<Option weight="0" />
		</Unit>
		<Unit filename="../../lapack/src/zlahr2.f">
			<Option weight="0" />
		</Unit>
		<Unit filename="../../lapack/src/zlaic1.f">
			<Option weight="0" />
		</Unit>
		<Unit filename="../../lapack/src/zlals0.f">
			<Option weight="0" />
		</Unit>
		<Unit filename="../../lapack/src/zlalsa.f">
			<Option weight="0" />
		</Unit>
		<Unit filename="../../lapack/src/zlalsd.f">
			<Option weight="0" />
		</Unit>
		<Unit filename="../../lapack/src/zlamswlq.f">
			<Option weight="0" />
		</Unit>
		<Unit filename="../../lapack/src/zlamtsqr.f">
			<Option weight="0" />
		</Unit>
		<Unit filename="../../lapack/src/zlangb.f">
			<Option weight="0" />
		</Unit>
		<Unit filename="../../lapack/src/zlange.f">
			<Option weight="0" />
		</Unit>
		<Unit filename="../../lapack/src/zlangt.f">
			<Option weight="0" />
		</Unit>
		<Unit filename="../../lapack/src/zlanhb.f">
			<Option weight="0" />
		</Unit>
		<Unit filename="../../lapack/src/zlanhe.f">
			<Option weight="0" />
		</Unit>
		<Unit filename="../../lapack/src/zlanhf.f">
			<Option weight="0" />
		</Unit>
		<Unit filename="../../lapack/src/zlanhp.f">
			<Option weight="0" />
		</Unit>
		<Unit filename="../../lapack/src/zlanhs.f">
			<Option weight="0" />
		</Unit>
		<Unit filename="../../lapack/src/zlanht.f">
			<Option weight="0" />
		</Unit>
		<Unit filename="../../lapack/src/zlansb.f">
			<Option weight="0" />
		</Unit>
		<Unit filename="../../lapack/src/zlansp.f">
			<Option weight="0" />
		</Unit>
		<Unit filename="../../lapack/src/zlansy.f">
			<Option weight="0" />
		</Unit>
		<Unit filename="../../lapack/src/zlantb.f">
			<Option weight="0" />
		</Unit>
		<Unit filename="../../lapack/src/zlantp.f">
			<Option weight="0" />
		</Unit>
		<Unit filename="../../lapack/src/zlantr.f">
			<Option weight="0" />
		</Unit>
		<Unit filename="../../lapack/src/zlapll.f">
			<Option weight="0" />
		</Unit>
		<Unit filename="../../lapack/src/zlapmr.f">
			<Option weight="0" />
		</Unit>
		<Unit filename="../../lapack/src/zlapmt.f">
			<Option weight="0" />
		</Unit>
		<Unit filename="../../lapack/src/zlaqgb.f">
			<Option weight="0" />
		</Unit>
		<Unit filename="../../lapack/src/zlaqge.f">
			<Option weight="0" />
		</Unit>
		<Unit filename="../../lapack/src/zlaqhb.f">
			<Option weight="0" />
		</Unit>
		<Unit filename="../../lapack/src/zlaqhe.f">
			<Option weight="0" />
		</Unit>
		<Unit filename="../../lapack/src/zlaqhp.f">
			<Option weight="0" />
		</Unit>
		<Unit filename="../../lapack/src/zlaqp2.f">
			<Option weight="0" />
		</Unit>
		<Unit filename="../../lapack/src/zlaqps.f">
			<Option weight="0" />
		</Unit>
		<Unit filename="../../lapack/src/zlaqr0.f">
			<Option weight="0" />
		</Unit>
		<Unit filename="../../lapack/src/zlaqr1.f">
			<Option weight="0" />
		</Unit>
		<Unit filename="../../lapack/src/zlaqr2.f">
			<Option weight="0" />
		</Unit>
		<Unit filename="../../lapack/src/zlaqr3.f">
			<Option weight="0" />
		</Unit>
		<Unit filename="../../lapack/src/zlaqr4.f">
			<Option weight="0" />
		</Unit>
		<Unit filename="../../lapack/src/zlaqr5.f">
			<Option weight="0" />
		</Unit>
		<Unit filename="../../lapack/src/zlaqsb.f">
			<Option weight="0" />
		</Unit>
		<Unit filename="../../lapack/src/zlaqsp.f">
			<Option weight="0" />
		</Unit>
		<Unit filename="../../lapack/src/zlaqsy.f">
			<Option weight="0" />
		</Unit>
		<Unit filename="../../lapack/src/zlar1v.f">
			<Option weight="0" />
		</Unit>
		<Unit filename="../../lapack/src/zlar2v.f">
			<Option weight="0" />
		</Unit>
		<Unit filename="../../lapack/src/zlarcm.f">
			<Option weight="0" />
		</Unit>
		<Unit filename="../../lapack/src/zlarf.f">
			<Option weight="0" />
		</Unit>
		<Unit filename="../../lapack/src/zlarfb.f">
			<Option weight="0" />
		</Unit>
		<Unit filename="../../lapack/src/zlarfg.f">
			<Option weight="0" />
		</Unit>
		<Unit filename="../../lapack/src/zlarfgp.f">
			<Option weight="0" />
		</Unit>
		<Unit filename="../../lapack/src/zlarft.f">
			<Option weight="0" />
		</Unit>
		<Unit filename="../../lapack/src/zlarfx.f">
			<Option weight="0" />
		</Unit>
		<Unit filename="../../lapack/src/zlarfy.f">
			<Option weight="0" />
		</Unit>
		<Unit filename="../../lapack/src/zlargv.f">
			<Option weight="0" />
		</Unit>
		<Unit filename="../../lapack/src/zlarnv.f">
			<Option weight="0" />
		</Unit>
		<Unit filename="../../lapack/src/zlarrv.f">
			<Option weight="0" />
		</Unit>
		<Unit filename="../../lapack/src/zlarscl2.f">
			<Option weight="0" />
		</Unit>
		<Unit filename="../../lapack/src/zlartg.f">
			<Option weight="0" />
		</Unit>
		<Unit filename="../../lapack/src/zlartv.f">
			<Option weight="0" />
		</Unit>
		<Unit filename="../../lapack/src/zlarz.f">
			<Option weight="0" />
		</Unit>
		<Unit filename="../../lapack/src/zlarzb.f">
			<Option weight="0" />
		</Unit>
		<Unit filename="../../lapack/src/zlarzt.f">
			<Option weight="0" />
		</Unit>
		<Unit filename="../../lapack/src/zlascl.f">
			<Option weight="0" />
		</Unit>
		<Unit filename="../../lapack/src/zlascl2.f">
			<Option weight="0" />
		</Unit>
		<Unit filename="../../lapack/src/zlaset.f">
			<Option weight="0" />
		</Unit>
		<Unit filename="../../lapack/src/zlasr.f">
			<Option weight="0" />
		</Unit>
		<Unit filename="../../lapack/src/zlassq.f">
			<Option weight="0" />
		</Unit>
		<Unit filename="../../lapack/src/zlaswlq.f">
			<Option weight="0" />
		</Unit>
		<Unit filename="../../lapack/src/zlaswp.f">
			<Option weight="0" />
		</Unit>
		<Unit filename="../../lapack/src/zlasyf.f">
			<Option weight="0" />
		</Unit>
		<Unit filename="../../lapack/src/zlasyf_aa.f">
			<Option weight="0" />
		</Unit>
		<Unit filename="../../lapack/src/zlasyf_rk.f">
			<Option weight="0" />
		</Unit>
		<Unit filename="../../lapack/src/zlasyf_rook.f">
			<Option weight="0" />
		</Unit>
		<Unit filename="../../lapack/src/zlat2c.f">
			<Option weight="0" />
		</Unit>
		<Unit filename="../../lapack/src/zlatbs.f">
			<Option weight="0" />
		</Unit>
		<Unit filename="../../lapack/src/zlatdf.f">
			<Option weight="0" />
		</Unit>
		<Unit filename="../../lapack/src/zlatps.f">
			<Option weight="0" />
		</Unit>
		<Unit filename="../../lapack/src/zlatrd.f">
			<Option weight="0" />
		</Unit>
		<Unit filename="../../lapack/src/zlatrs.f">
			<Option weight="0" />
		</Unit>
		<Unit filename="../../lapack/src/zlatrz.f">
			<Option weight="0" />
		</Unit>
		<Unit filename="../../lapack/src/zlatsqr.f">
			<Option weight="0" />
		</Unit>
		<Unit filename="../../lapack/src/zlauu2.f">
			<Option weight="0" />
		</Unit>
		<Unit filename="../../lapack/src/zlauum.f">
			<Option weight="0" />
		</Unit>
		<Unit filename="../../lapack/src/zpbcon.f">
			<Option weight="0" />
		</Unit>
		<Unit filename="../../lapack/src/zpbequ.f">
			<Option weight="0" />
		</Unit>
		<Unit filename="../../lapack/src/zpbrfs.f">
			<Option weight="0" />
		</Unit>
		<Unit filename="../../lapack/src/zpbstf.f">
			<Option weight="0" />
		</Unit>
		<Unit filename="../../lapack/src/zpbsv.f">
			<Option weight="0" />
		</Unit>
		<Unit filename="../../lapack/src/zpbsvx.f">
			<Option weight="0" />
		</Unit>
		<Unit filename="../../lapack/src/zpbtf2.f">
			<Option weight="0" />
		</Unit>
		<Unit filename="../../lapack/src/zpbtrf.f">
			<Option weight="0" />
		</Unit>
		<Unit filename="../../lapack/src/zpbtrs.f">
			<Option weight="0" />
		</Unit>
		<Unit filename="../../lapack/src/zpftrf.f">
			<Option weight="0" />
		</Unit>
		<Unit filename="../../lapack/src/zpftri.f">
			<Option weight="0" />
		</Unit>
		<Unit filename="../../lapack/src/zpftrs.f">
			<Option weight="0" />
		</Unit>
		<Unit filename="../../lapack/src/zpocon.f">
			<Option weight="0" />
		</Unit>
		<Unit filename="../../lapack/src/zpoequ.f">
			<Option weight="0" />
		</Unit>
		<Unit filename="../../lapack/src/zpoequb.f">
			<Option weight="0" />
		</Unit>
		<Unit filename="../../lapack/src/zporfs.f">
			<Option weight="0" />
		</Unit>
		<Unit filename="../../lapack/src/zporfsx.f">
			<Option weight="0" />
		</Unit>
		<Unit filename="../../lapack/src/zposv.f">
			<Option weight="0" />
		</Unit>
		<Unit filename="../../lapack/src/zposvx.f">
			<Option weight="0" />
		</Unit>
		<Unit filename="../../lapack/src/zposvxx.f">
			<Option weight="0" />
		</Unit>
		<Unit filename="../../lapack/src/zpotf2.f">
			<Option weight="0" />
		</Unit>
		<Unit filename="../../lapack/src/zpotrf.f">
			<Option weight="0" />
		</Unit>
		<Unit filename="../../lapack/src/zpotrf2.f">
			<Option weight="0" />
		</Unit>
		<Unit filename="../../lapack/src/zpotri.f">
			<Option weight="0" />
		</Unit>
		<Unit filename="../../lapack/src/zpotrs.f">
			<Option weight="0" />
		</Unit>
		<Unit filename="../../lapack/src/zppcon.f">
			<Option weight="0" />
		</Unit>
		<Unit filename="../../lapack/src/zppequ.f">
			<Option weight="0" />
		</Unit>
		<Unit filename="../../lapack/src/zpprfs.f">
			<Option weight="0" />
		</Unit>
		<Unit filename="../../lapack/src/zppsv.f">
			<Option weight="0" />
		</Unit>
		<Unit filename="../../lapack/src/zppsvx.f">
			<Option weight="0" />
		</Unit>
		<Unit filename="../../lapack/src/zpptrf.f">
			<Option weight="0" />
		</Unit>
		<Unit filename="../../lapack/src/zpptri.f">
			<Option weight="0" />
		</Unit>
		<Unit filename="../../lapack/src/zpptrs.f">
			<Option weight="0" />
		</Unit>
		<Unit filename="../../lapack/src/zpstf2.f">
			<Option weight="0" />
		</Unit>
		<Unit filename="../../lapack/src/zpstrf.f">
			<Option weight="0" />
		</Unit>
		<Unit filename="../../lapack/src/zptcon.f">
			<Option weight="0" />
		</Unit>
		<Unit filename="../../lapack/src/zpteqr.f">
			<Option weight="0" />
		</Unit>
		<Unit filename="../../lapack/src/zptrfs.f">
			<Option weight="0" />
		</Unit>
		<Unit filename="../../lapack/src/zptsv.f">
			<Option weight="0" />
		</Unit>
		<Unit filename="../../lapack/src/zptsvx.f">
			<Option weight="0" />
		</Unit>
		<Unit filename="../../lapack/src/zpttrf.f">
			<Option weight="0" />
		</Unit>
		<Unit filename="../../lapack/src/zpttrs.f">
			<Option weight="0" />
		</Unit>
		<Unit filename="../../lapack/src/zptts2.f">
			<Option weight="0" />
		</Unit>
		<Unit filename="../../lapack/src/zrot.f">
			<Option weight="0" />
		</Unit>
		<Unit filename="../../lapack/src/zspcon.f">
			<Option weight="0" />
		</Unit>
		<Unit filename="../../lapack/src/zspmv.f">
			<Option weight="0" />
		</Unit>
		<Unit filename="../../lapack/src/zspr.f">
			<Option weight="0" />
		</Unit>
		<Unit filename="../../lapack/src/zsprfs.f">
			<Option weight="0" />
		</Unit>
		<Unit filename="../../lapack/src/zspsv.f">
			<Option weight="0" />
		</Unit>
		<Unit filename="../../lapack/src/zspsvx.f">
			<Option weight="0" />
		</Unit>
		<Unit filename="../../lapack/src/zsptrf.f">
			<Option weight="0" />
		</Unit>
		<Unit filename="../../lapack/src/zsptri.f">
			<Option weight="0" />
		</Unit>
		<Unit filename="../../lapack/src/zsptrs.f">
			<Option weight="0" />
		</Unit>
		<Unit filename="../../lapack/src/zstedc.f">
			<Option weight="0" />
		</Unit>
		<Unit filename="../../lapack/src/zstegr.f">
			<Option weight="0" />
		</Unit>
		<Unit filename="../../lapack/src/zstein.f">
			<Option weight="0" />
		</Unit>
		<Unit filename="../../lapack/src/zstemr.f">
			<Option weight="0" />
		</Unit>
		<Unit filename="../../lapack/src/zsteqr.f">
			<Option weight="0" />
		</Unit>
		<Unit filename="../../lapack/src/zsycon.f">
			<Option weight="0" />
		</Unit>
		<Unit filename="../../lapack/src/zsycon_3.f">
			<Option weight="0" />
		</Unit>
		<Unit filename="../../lapack/src/zsycon_rook.f">
			<Option weight="0" />
		</Unit>
		<Unit filename="../../lapack/src/zsyconv.f">
			<Option weight="0" />
		</Unit>
		<Unit filename="../../lapack/src/zsyconvf.f">
			<Option weight="0" />
		</Unit>
		<Unit filename="../../lapack/src/zsyconvf_rook.f">
			<Option weight="0" />
		</Unit>
		<Unit filename="../../lapack/src/zsyequb.f">
			<Option weight="0" />
		</Unit>
		<Unit filename="../../lapack/src/zsymv.f">
			<Option weight="0" />
		</Unit>
		<Unit filename="../../lapack/src/zsyr.f">
			<Option weight="0" />
		</Unit>
		<Unit filename="../../lapack/src/zsyrfs.f">
			<Option weight="0" />
		</Unit>
		<Unit filename="../../lapack/src/zsyrfsx.f">
			<Option weight="0" />
		</Unit>
		<Unit filename="../../lapack/src/zsysv.f">
			<Option weight="0" />
		</Unit>
		<Unit filename="../../lapack/src/zsysv_aa.f">
			<Option weight="0" />
		</Unit>
		<Unit filename="../../lapack/src/zsysv_aa_2stage.f">
			<Option weight="0" />
		</Unit>
		<Unit filename="../../lapack/src/zsysv_rk.f">
			<Option weight="0" />
		</Unit>
		<Unit filename="../../lapack/src/zsysv_rook.f">
			<Option weight="0" />
		</Unit>
		<Unit filename="../../lapack/src/zsysvx.f">
			<Option weight="0" />
		</Unit>
		<Unit filename="../../lapack/src/zsysvxx.f">
			<Option weight="0" />
		</Unit>
		<Unit filename="../../lapack/src/zsyswapr.f">
			<Option weight="0" />
		</Unit>
		<Unit filename="../../lapack/src/zsytf2.f">
			<Option weight="0" />
		</Unit>
		<Unit filename="../../lapack/src/zsytf2_rk.f">
			<Option weight="0" />
		</Unit>
		<Unit filename="../../lapack/src/zsytf2_rook.f">
			<Option weight="0" />
		</Unit>
		<Unit filename="../../lapack/src/zsytrf.f">
			<Option weight="0" />
		</Unit>
		<Unit filename="../../lapack/src/zsytrf_aa.f">
			<Option weight="0" />
		</Unit>
		<Unit filename="../../lapack/src/zsytrf_aa_2stage.f">
			<Option weight="0" />
		</Unit>
		<Unit filename="../../lapack/src/zsytrf_rk.f">
			<Option weight="0" />
		</Unit>
		<Unit filename="../../lapack/src/zsytrf_rook.f">
			<Option weight="0" />
		</Unit>
		<Unit filename="../../lapack/src/zsytri.f">
			<Option weight="0" />
		</Unit>
		<Unit filename="../../lapack/src/zsytri2.f">
			<Option weight="0" />
		</Unit>
		<Unit filename="../../lapack/src/zsytri2x.f">
			<Option weight="0" />
		</Unit>
		<Unit filename="../../lapack/src/zsytri_3.f">
			<Option weight="0" />
		</Unit>
		<Unit filename="../../lapack/src/zsytri_3x.f">
			<Option weight="0" />
		</Unit>
		<Unit filename="../../lapack/src/zsytri_rook.f">
			<Option weight="0" />
		</Unit>
		<Unit filename="../../lapack/src/zsytrs.f">
			<Option weight="0" />
		</Unit>
		<Unit filename="../../lapack/src/zsytrs2.f">
			<Option weight="0" />
		</Unit>
		<Unit filename="../../lapack/src/zsytrs_3.f">
			<Option weight="0" />
		</Unit>
		<Unit filename="../../lapack/src/zsytrs_aa.f">
			<Option weight="0" />
		</Unit>
		<Unit filename="../../lapack/src/zsytrs_aa_2stage.f">
			<Option weight="0" />
		</Unit>
		<Unit filename="../../lapack/src/zsytrs_rook.f">
			<Option weight="0" />
		</Unit>
		<Unit filename="../../lapack/src/ztbcon.f">
			<Option weight="0" />
		</Unit>
		<Unit filename="../../lapack/src/ztbrfs.f">
			<Option weight="0" />
		</Unit>
		<Unit filename="../../lapack/src/ztbtrs.f">
			<Option weight="0" />
		</Unit>
		<Unit filename="../../lapack/src/ztfsm.f">
			<Option weight="0" />
		</Unit>
		<Unit filename="../../lapack/src/ztftri.f">
			<Option weight="0" />
		</Unit>
		<Unit filename="../../lapack/src/ztfttp.f">
			<Option weight="0" />
		</Unit>
		<Unit filename="../../lapack/src/ztfttr.f">
			<Option weight="0" />
		</Unit>
		<Unit filename="../../lapack/src/ztgevc.f">
			<Option weight="0" />
		</Unit>
		<Unit filename="../../lapack/src/ztgex2.f">
			<Option weight="0" />
		</Unit>
		<Unit filename="../../lapack/src/ztgexc.f">
			<Option weight="0" />
		</Unit>
		<Unit filename="../../lapack/src/ztgsen.f">
			<Option weight="0" />
		</Unit>
		<Unit filename="../../lapack/src/ztgsja.f">
			<Option weight="0" />
		</Unit>
		<Unit filename="../../lapack/src/ztgsna.f">
			<Option weight="0" />
		</Unit>
		<Unit filename="../../lapack/src/ztgsy2.f">
			<Option weight="0" />
		</Unit>
		<Unit filename="../../lapack/src/ztgsyl.f">
			<Option weight="0" />
		</Unit>
		<Unit filename="../../lapack/src/ztpcon.f">
			<Option weight="0" />
		</Unit>
		<Unit filename="../../lapack/src/ztplqt.f">
			<Option weight="0" />
		</Unit>
		<Unit filename="../../lapack/src/ztplqt2.f">
			<Option weight="0" />
		</Unit>
		<Unit filename="../../lapack/src/ztpmlqt.f">
			<Option weight="0" />
		</Unit>
		<Unit filename="../../lapack/src/ztpmqrt.f">
			<Option weight="0" />
		</Unit>
		<Unit filename="../../lapack/src/ztpqrt.f">
			<Option weight="0" />
		</Unit>
		<Unit filename="../../lapack/src/ztpqrt2.f">
			<Option weight="0" />
		</Unit>
		<Unit filename="../../lapack/src/ztprfb.f">
			<Option weight="0" />
		</Unit>
		<Unit filename="../../lapack/src/ztprfs.f">
			<Option weight="0" />
		</Unit>
		<Unit filename="../../lapack/src/ztptri.f">
			<Option weight="0" />
		</Unit>
		<Unit filename="../../lapack/src/ztptrs.f">
			<Option weight="0" />
		</Unit>
		<Unit filename="../../lapack/src/ztpttf.f">
			<Option weight="0" />
		</Unit>
		<Unit filename="../../lapack/src/ztpttr.f">
			<Option weight="0" />
		</Unit>
		<Unit filename="../../lapack/src/ztrcon.f">
			<Option weight="0" />
		</Unit>
		<Unit filename="../../lapack/src/ztrevc.f">
			<Option weight="0" />
		</Unit>
		<Unit filename="../../lapack/src/ztrevc3.f">
			<Option weight="0" />
		</Unit>
		<Unit filename="../../lapack/src/ztrexc.f">
			<Option weight="0" />
		</Unit>
		<Unit filename="../../lapack/src/ztrrfs.f">
			<Option weight="0" />
		</Unit>
		<Unit filename="../../lapack/src/ztrsen.f">
			<Option weight="0" />
		</Unit>
		<Unit filename="../../lapack/src/ztrsna.f">
			<Option weight="0" />
		</Unit>
		<Unit filename="../../lapack/src/ztrsyl.f">
			<Option weight="0" />
		</Unit>
		<Unit filename="../../lapack/src/ztrti2.f">
			<Option weight="0" />
		</Unit>
		<Unit filename="../../lapack/src/ztrtri.f">
			<Option weight="0" />
		</Unit>
		<Unit filename="../../lapack/src/ztrtrs.f">
			<Option weight="0" />
		</Unit>
		<Unit filename="../../lapack/src/ztrttf.f">
			<Option weight="0" />
		</Unit>
		<Unit filename="../../lapack/src/ztrttp.f">
			<Option weight="0" />
		</Unit>
		<Unit filename="../../lapack/src/ztzrzf.f">
			<Option weight="0" />
		</Unit>
		<Unit filename="../../lapack/src/zunbdb.f">
			<Option weight="0" />
		</Unit>
		<Unit filename="../../lapack/src/zunbdb1.f">
			<Option weight="0" />
		</Unit>
		<Unit filename="../../lapack/src/zunbdb2.f">
			<Option weight="0" />
		</Unit>
		<Unit filename="../../lapack/src/zunbdb3.f">
			<Option weight="0" />
		</Unit>
		<Unit filename="../../lapack/src/zunbdb4.f">
			<Option weight="0" />
		</Unit>
		<Unit filename="../../lapack/src/zunbdb5.f">
			<Option weight="0" />
		</Unit>
		<Unit filename="../../lapack/src/zunbdb6.f">
			<Option weight="0" />
		</Unit>
		<Unit filename="../../lapack/src/zuncsd.f">
			<Option weight="0" />
		</Unit>
		<Unit filename="../../lapack/src/zuncsd2by1.f">
			<Option weight="0" />
		</Unit>
		<Unit filename="../../lapack/src/zung2l.f">
			<Option weight="0" />
		</Unit>
		<Unit filename="../../lapack/src/zung2r.f">
			<Option weight="0" />
		</Unit>
		<Unit filename="../../lapack/src/zungbr.f">
			<Option weight="0" />
		</Unit>
		<Unit filename="../../lapack/src/zunghr.f">
			<Option weight="0" />
		</Unit>
		<Unit filename="../../lapack/src/zungl2.f">
			<Option weight="0" />
		</Unit>
		<Unit filename="../../lapack/src/zunglq.f">
			<Option weight="0" />
		</Unit>
		<Unit filename="../../lapack/src/zungql.f">
			<Option weight="0" />
		</Unit>
		<Unit filename="../../lapack/src/zungqr.f">
			<Option weight="0" />
		</Unit>
		<Unit filename="../../lapack/src/zungr2.f">
			<Option weight="0" />
		</Unit>
		<Unit filename="../../lapack/src/zungrq.f">
			<Option weight="0" />
		</Unit>
		<Unit filename="../../lapack/src/zungtr.f">
			<Option weight="0" />
		</Unit>
		<Unit filename="../../lapack/src/zunm22.f">
			<Option weight="0" />
		</Unit>
		<Unit filename="../../lapack/src/zunm2l.f">
			<Option weight="0" />
		</Unit>
		<Unit filename="../../lapack/src/zunm2r.f">
			<Option weight="0" />
		</Unit>
		<Unit filename="../../lapack/src/zunmbr.f">
			<Option weight="0" />
		</Unit>
		<Unit filename="../../lapack/src/zunmhr.f">
			<Option weight="0" />
		</Unit>
		<Unit filename="../../lapack/src/zunml2.f">
			<Option weight="0" />
		</Unit>
		<Unit filename="../../lapack/src/zunmlq.f">
			<Option weight="0" />
		</Unit>
		<Unit filename="../../lapack/src/zunmql.f">
			<Option weight="0" />
		</Unit>
		<Unit filename="../../lapack/src/zunmqr.f">
			<Option weight="0" />
		</Unit>
		<Unit filename="../../lapack/src/zunmr2.f">
			<Option weight="0" />
		</Unit>
		<Unit filename="../../lapack/src/zunmr3.f">
			<Option weight="0" />
		</Unit>
		<Unit filename="../../lapack/src/zunmrq.f">
			<Option weight="0" />
		</Unit>
		<Unit filename="../../lapack/src/zunmrz.f">
			<Option weight="0" />
		</Unit>
		<Unit filename="../../lapack/src/zunmtr.f">
			<Option weight="0" />
		</Unit>
		<Unit filename="../../lapack/src/zupgtr.f">
			<Option weight="0" />
		</Unit>
		<Unit filename="../../lapack/src/zupmtr.f">
			<Option weight="0" />
		</Unit>
		<Extensions />
	</Project>
</CodeBlocks_project_file>
