<?xml version="1.0" encoding="UTF-8" standalone="yes" ?>
<CodeBlocks_project_file>
	<FileVersion major="1" minor="6" />
	<Project>
		<Option title="lapack_double" />
		<Option pch_mode="2" />
		<Option compiler="gcc" />
		<Build>
			<Target title="Debug">
				<Option output="bin/Debug/lapack_double" prefix_auto="1" extension_auto="1" />
				<Option working_dir="" />
				<Option object_output="obj/Debug/" />
				<Option type="2" />
				<Option compiler="gcc" />
				<Option createDefFile="1" />
				<Compiler>
					<Add option="-Wall" />
					<Add option="-g" />
				</Compiler>
			</Target>
			<Target title="Release">
				<Option output="bin/Release/lapack_double" prefix_auto="1" extension_auto="1" />
				<Option working_dir="" />
				<Option object_output="obj/Release/" />
				<Option type="2" />
				<Option compiler="gcc" />
				<Option createDefFile="1" />
				<Compiler>
					<Add option="-Wall" />
					<Add option="-O2" />
				</Compiler>
				<Linker>
					<Add option="-s" />
				</Linker>
			</Target>
		</Build>
		<Unit filename="src/dbbcsd.f">
			<Option weight="0" />
		</Unit>
		<Unit filename="src/dbdsdc.f">
			<Option weight="0" />
		</Unit>
		<Unit filename="src/dbdsqr.f">
			<Option weight="0" />
		</Unit>
		<Unit filename="src/dbdsvdx.f">
			<Option weight="0" />
		</Unit>
		<Unit filename="src/ddisna.f">
			<Option weight="0" />
		</Unit>
		<Unit filename="src/dgbbrd.f">
			<Option weight="0" />
		</Unit>
		<Unit filename="src/dgbcon.f">
			<Option weight="0" />
		</Unit>
		<Unit filename="src/dgbequ.f">
			<Option weight="0" />
		</Unit>
		<Unit filename="src/dgbequb.f">
			<Option weight="0" />
		</Unit>
		<Unit filename="src/dgbrfs.f">
			<Option weight="0" />
		</Unit>
		<Unit filename="src/dgbrfsx.f">
			<Option weight="0" />
		</Unit>
		<Unit filename="src/dgbsv.f">
			<Option weight="0" />
		</Unit>
		<Unit filename="src/dgbsvx.f">
			<Option weight="0" />
		</Unit>
		<Unit filename="src/dgbsvxx.f">
			<Option weight="0" />
		</Unit>
		<Unit filename="src/dgbtf2.f">
			<Option weight="0" />
		</Unit>
		<Unit filename="src/dgbtrf.f">
			<Option weight="0" />
		</Unit>
		<Unit filename="src/dgbtrs.f">
			<Option weight="0" />
		</Unit>
		<Unit filename="src/dgebak.f">
			<Option weight="0" />
		</Unit>
		<Unit filename="src/dgebal.f">
			<Option weight="0" />
		</Unit>
		<Unit filename="src/dgebd2.f">
			<Option weight="0" />
		</Unit>
		<Unit filename="src/dgebrd.f">
			<Option weight="0" />
		</Unit>
		<Unit filename="src/dgecon.f">
			<Option weight="0" />
		</Unit>
		<Unit filename="src/dgeequ.f">
			<Option weight="0" />
		</Unit>
		<Unit filename="src/dgeequb.f">
			<Option weight="0" />
		</Unit>
		<Unit filename="src/dgees.f">
			<Option weight="0" />
		</Unit>
		<Unit filename="src/dgeesx.f">
			<Option weight="0" />
		</Unit>
		<Unit filename="src/dgeev.f">
			<Option weight="0" />
		</Unit>
		<Unit filename="src/dgeevx.f">
			<Option weight="0" />
		</Unit>
		<Unit filename="src/dgehd2.f">
			<Option weight="0" />
		</Unit>
		<Unit filename="src/dgehrd.f">
			<Option weight="0" />
		</Unit>
		<Unit filename="src/dgejsv.f">
			<Option weight="0" />
		</Unit>
		<Unit filename="src/dgelq.f">
			<Option weight="0" />
		</Unit>
		<Unit filename="src/dgelq2.f">
			<Option weight="0" />
		</Unit>
		<Unit filename="src/dgelqf.f">
			<Option weight="0" />
		</Unit>
		<Unit filename="src/dgelqt.f">
			<Option weight="0" />
		</Unit>
		<Unit filename="src/dgelqt3.f">
			<Option weight="0" />
		</Unit>
		<Unit filename="src/dgels.f">
			<Option weight="0" />
		</Unit>
		<Unit filename="src/dgelsd.f">
			<Option weight="0" />
		</Unit>
		<Unit filename="src/dgelss.f">
			<Option weight="0" />
		</Unit>
		<Unit filename="src/dgelsy.f">
			<Option weight="0" />
		</Unit>
		<Unit filename="src/dgemlq.f">
			<Option weight="0" />
		</Unit>
		<Unit filename="src/dgemlqt.f">
			<Option weight="0" />
		</Unit>
		<Unit filename="src/dgemqr.f">
			<Option weight="0" />
		</Unit>
		<Unit filename="src/dgemqrt.f">
			<Option weight="0" />
		</Unit>
		<Unit filename="src/dgeql2.f">
			<Option weight="0" />
		</Unit>
		<Unit filename="src/dgeqlf.f">
			<Option weight="0" />
		</Unit>
		<Unit filename="src/dgeqp3.f">
			<Option weight="0" />
		</Unit>
		<Unit filename="src/dgeqr.f">
			<Option weight="0" />
		</Unit>
		<Unit filename="src/dgeqr2.f">
			<Option weight="0" />
		</Unit>
		<Unit filename="src/dgeqr2p.f">
			<Option weight="0" />
		</Unit>
		<Unit filename="src/dgeqrf.f">
			<Option weight="0" />
		</Unit>
		<Unit filename="src/dgeqrfp.f">
			<Option weight="0" />
		</Unit>
		<Unit filename="src/dgeqrt.f">
			<Option weight="0" />
		</Unit>
		<Unit filename="src/dgeqrt2.f">
			<Option weight="0" />
		</Unit>
		<Unit filename="src/dgeqrt3.f">
			<Option weight="0" />
		</Unit>
		<Unit filename="src/dgerfs.f">
			<Option weight="0" />
		</Unit>
		<Unit filename="src/dgerfsx.f">
			<Option weight="0" />
		</Unit>
		<Unit filename="src/dgerq2.f">
			<Option weight="0" />
		</Unit>
		<Unit filename="src/dgerqf.f">
			<Option weight="0" />
		</Unit>
		<Unit filename="src/dgesc2.f">
			<Option weight="0" />
		</Unit>
		<Unit filename="src/dgesdd.f">
			<Option weight="0" />
		</Unit>
		<Unit filename="src/dgesv.f">
			<Option weight="0" />
		</Unit>
		<Unit filename="src/dgesvd.f">
			<Option weight="0" />
		</Unit>
		<Unit filename="src/dgesvdx.f">
			<Option weight="0" />
		</Unit>
		<Unit filename="src/dgesvj.f">
			<Option weight="0" />
		</Unit>
		<Unit filename="src/dgesvx.f">
			<Option weight="0" />
		</Unit>
		<Unit filename="src/dgesvxx.f">
			<Option weight="0" />
		</Unit>
		<Unit filename="src/dgetc2.f">
			<Option weight="0" />
		</Unit>
		<Unit filename="src/dgetf2.f">
			<Option weight="0" />
		</Unit>
		<Unit filename="src/dgetrf.f">
			<Option weight="0" />
		</Unit>
		<Unit filename="src/dgetrf2.f">
			<Option weight="0" />
		</Unit>
		<Unit filename="src/dgetri.f">
			<Option weight="0" />
		</Unit>
		<Unit filename="src/dgetrs.f">
			<Option weight="0" />
		</Unit>
		<Unit filename="src/dgetsls.f">
			<Option weight="0" />
		</Unit>
		<Unit filename="src/dggbak.f">
			<Option weight="0" />
		</Unit>
		<Unit filename="src/dggbal.f">
			<Option weight="0" />
		</Unit>
		<Unit filename="src/dgges.f">
			<Option weight="0" />
		</Unit>
		<Unit filename="src/dgges3.f">
			<Option weight="0" />
		</Unit>
		<Unit filename="src/dggesx.f">
			<Option weight="0" />
		</Unit>
		<Unit filename="src/dggev.f">
			<Option weight="0" />
		</Unit>
		<Unit filename="src/dggev3.f">
			<Option weight="0" />
		</Unit>
		<Unit filename="src/dggevx.f">
			<Option weight="0" />
		</Unit>
		<Unit filename="src/dggglm.f">
			<Option weight="0" />
		</Unit>
		<Unit filename="src/dgghd3.f">
			<Option weight="0" />
		</Unit>
		<Unit filename="src/dgghrd.f">
			<Option weight="0" />
		</Unit>
		<Unit filename="src/dgglse.f">
			<Option weight="0" />
		</Unit>
		<Unit filename="src/dggqrf.f">
			<Option weight="0" />
		</Unit>
		<Unit filename="src/dggrqf.f">
			<Option weight="0" />
		</Unit>
		<Unit filename="src/dggsvd3.f">
			<Option weight="0" />
		</Unit>
		<Unit filename="src/dggsvp3.f">
			<Option weight="0" />
		</Unit>
		<Unit filename="src/dgsvj0.f">
			<Option weight="0" />
		</Unit>
		<Unit filename="src/dgsvj1.f">
			<Option weight="0" />
		</Unit>
		<Unit filename="src/dgtcon.f">
			<Option weight="0" />
		</Unit>
		<Unit filename="src/dgtrfs.f">
			<Option weight="0" />
		</Unit>
		<Unit filename="src/dgtsv.f">
			<Option weight="0" />
		</Unit>
		<Unit filename="src/dgtsvx.f">
			<Option weight="0" />
		</Unit>
		<Unit filename="src/dgttrf.f">
			<Option weight="0" />
		</Unit>
		<Unit filename="src/dgttrs.f">
			<Option weight="0" />
		</Unit>
		<Unit filename="src/dgtts2.f">
			<Option weight="0" />
		</Unit>
		<Unit filename="src/dhgeqz.f">
			<Option weight="0" />
		</Unit>
		<Unit filename="src/dhsein.f">
			<Option weight="0" />
		</Unit>
		<Unit filename="src/dhseqr.f">
			<Option weight="0" />
		</Unit>
		<Unit filename="src/disnan.f">
			<Option weight="0" />
		</Unit>
		<Unit filename="src/dla_gbamv.f">
			<Option weight="0" />
		</Unit>
		<Unit filename="src/dla_gbrcond.f">
			<Option weight="0" />
		</Unit>
		<Unit filename="src/dla_gbrfsx_extended.f">
			<Option weight="0" />
		</Unit>
		<Unit filename="src/dla_gbrpvgrw.f">
			<Option weight="0" />
		</Unit>
		<Unit filename="src/dla_geamv.f">
			<Option weight="0" />
		</Unit>
		<Unit filename="src/dla_gercond.f">
			<Option weight="0" />
		</Unit>
		<Unit filename="src/dla_gerfsx_extended.f">
			<Option weight="0" />
		</Unit>
		<Unit filename="src/dla_gerpvgrw.f">
			<Option weight="0" />
		</Unit>
		<Unit filename="src/dla_lin_berr.f">
			<Option weight="0" />
		</Unit>
		<Unit filename="src/dla_porcond.f">
			<Option weight="0" />
		</Unit>
		<Unit filename="src/dla_porfsx_extended.f">
			<Option weight="0" />
		</Unit>
		<Unit filename="src/dla_porpvgrw.f">
			<Option weight="0" />
		</Unit>
		<Unit filename="src/dla_syamv.f">
			<Option weight="0" />
		</Unit>
		<Unit filename="src/dla_syrcond.f">
			<Option weight="0" />
		</Unit>
		<Unit filename="src/dla_syrfsx_extended.f">
			<Option weight="0" />
		</Unit>
		<Unit filename="src/dla_syrpvgrw.f">
			<Option weight="0" />
		</Unit>
		<Unit filename="src/dla_wwaddw.f">
			<Option weight="0" />
		</Unit>
		<Unit filename="src/dlabad.f">
			<Option weight="0" />
		</Unit>
		<Unit filename="src/dlabrd.f">
			<Option weight="0" />
		</Unit>
		<Unit filename="src/dlacn2.f">
			<Option weight="0" />
		</Unit>
		<Unit filename="src/dlacon.f">
			<Option weight="0" />
		</Unit>
		<Unit filename="src/dlacpy.f">
			<Option weight="0" />
		</Unit>
		<Unit filename="src/dladiv.f">
			<Option weight="0" />
		</Unit>
		<Unit filename="src/dlae2.f">
			<Option weight="0" />
		</Unit>
		<Unit filename="src/dlaebz.f">
			<Option weight="0" />
		</Unit>
		<Unit filename="src/dlaed0.f">
			<Option weight="0" />
		</Unit>
		<Unit filename="src/dlaed1.f">
			<Option weight="0" />
		</Unit>
		<Unit filename="src/dlaed2.f">
			<Option weight="0" />
		</Unit>
		<Unit filename="src/dlaed3.f">
			<Option weight="0" />
		</Unit>
		<Unit filename="src/dlaed4.f">
			<Option weight="0" />
		</Unit>
		<Unit filename="src/dlaed5.f">
			<Option weight="0" />
		</Unit>
		<Unit filename="src/dlaed6.f">
			<Option weight="0" />
		</Unit>
		<Unit filename="src/dlaed7.f">
			<Option weight="0" />
		</Unit>
		<Unit filename="src/dlaed8.f">
			<Option weight="0" />
		</Unit>
		<Unit filename="src/dlaed9.f">
			<Option weight="0" />
		</Unit>
		<Unit filename="src/dlaeda.f">
			<Option weight="0" />
		</Unit>
		<Unit filename="src/dlaein.f">
			<Option weight="0" />
		</Unit>
		<Unit filename="src/dlaev2.f">
			<Option weight="0" />
		</Unit>
		<Unit filename="src/dlaexc.f">
			<Option weight="0" />
		</Unit>
		<Unit filename="src/dlag2.f">
			<Option weight="0" />
		</Unit>
		<Unit filename="src/dlag2s.f">
			<Option weight="0" />
		</Unit>
		<Unit filename="src/dlags2.f">
			<Option weight="0" />
		</Unit>
		<Unit filename="src/dlagtf.f">
			<Option weight="0" />
		</Unit>
		<Unit filename="src/dlagtm.f">
			<Option weight="0" />
		</Unit>
		<Unit filename="src/dlagts.f">
			<Option weight="0" />
		</Unit>
		<Unit filename="src/dlagv2.f">
			<Option weight="0" />
		</Unit>
		<Unit filename="src/dlahqr.f">
			<Option weight="0" />
		</Unit>
		<Unit filename="src/dlahr2.f">
			<Option weight="0" />
		</Unit>
		<Unit filename="src/dlaic1.f">
			<Option weight="0" />
		</Unit>
		<Unit filename="src/dlaisnan.f">
			<Option weight="0" />
		</Unit>
		<Unit filename="src/dlaln2.f">
			<Option weight="0" />
		</Unit>
		<Unit filename="src/dlals0.f">
			<Option weight="0" />
		</Unit>
		<Unit filename="src/dlalsa.f">
			<Option weight="0" />
		</Unit>
		<Unit filename="src/dlalsd.f">
			<Option weight="0" />
		</Unit>
		<Unit filename="src/dlamch.f">
			<Option weight="0" />
		</Unit>
		<Unit filename="src/dlamrg.f">
			<Option weight="0" />
		</Unit>
		<Unit filename="src/dlamswlq.f">
			<Option weight="0" />
		</Unit>
		<Unit filename="src/dlamtsqr.f">
			<Option weight="0" />
		</Unit>
		<Unit filename="src/dlaneg.f">
			<Option weight="0" />
		</Unit>
		<Unit filename="src/dlangb.f">
			<Option weight="0" />
		</Unit>
		<Unit filename="src/dlange.f">
			<Option weight="0" />
		</Unit>
		<Unit filename="src/dlangt.f">
			<Option weight="0" />
		</Unit>
		<Unit filename="src/dlanhs.f">
			<Option weight="0" />
		</Unit>
		<Unit filename="src/dlansb.f">
			<Option weight="0" />
		</Unit>
		<Unit filename="src/dlansf.f">
			<Option weight="0" />
		</Unit>
		<Unit filename="src/dlansp.f">
			<Option weight="0" />
		</Unit>
		<Unit filename="src/dlanst.f">
			<Option weight="0" />
		</Unit>
		<Unit filename="src/dlansy.f">
			<Option weight="0" />
		</Unit>
		<Unit filename="src/dlantb.f">
			<Option weight="0" />
		</Unit>
		<Unit filename="src/dlantp.f">
			<Option weight="0" />
		</Unit>
		<Unit filename="src/dlantr.f">
			<Option weight="0" />
		</Unit>
		<Unit filename="src/dlanv2.f">
			<Option weight="0" />
		</Unit>
		<Unit filename="src/dlapll.f">
			<Option weight="0" />
		</Unit>
		<Unit filename="src/dlapmr.f">
			<Option weight="0" />
		</Unit>
		<Unit filename="src/dlapmt.f">
			<Option weight="0" />
		</Unit>
		<Unit filename="src/dlapy2.f">
			<Option weight="0" />
		</Unit>
		<Unit filename="src/dlapy3.f">
			<Option weight="0" />
		</Unit>
		<Unit filename="src/dlaqgb.f">
			<Option weight="0" />
		</Unit>
		<Unit filename="src/dlaqge.f">
			<Option weight="0" />
		</Unit>
		<Unit filename="src/dlaqp2.f">
			<Option weight="0" />
		</Unit>
		<Unit filename="src/dlaqps.f">
			<Option weight="0" />
		</Unit>
		<Unit filename="src/dlaqr0.f">
			<Option weight="0" />
		</Unit>
		<Unit filename="src/dlaqr1.f">
			<Option weight="0" />
		</Unit>
		<Unit filename="src/dlaqr2.f">
			<Option weight="0" />
		</Unit>
		<Unit filename="src/dlaqr3.f">
			<Option weight="0" />
		</Unit>
		<Unit filename="src/dlaqr4.f">
			<Option weight="0" />
		</Unit>
		<Unit filename="src/dlaqr5.f">
			<Option weight="0" />
		</Unit>
		<Unit filename="src/dlaqsb.f">
			<Option weight="0" />
		</Unit>
		<Unit filename="src/dlaqsp.f">
			<Option weight="0" />
		</Unit>
		<Unit filename="src/dlaqsy.f">
			<Option weight="0" />
		</Unit>
		<Unit filename="src/dlaqtr.f">
			<Option weight="0" />
		</Unit>
		<Unit filename="src/dlar1v.f">
			<Option weight="0" />
		</Unit>
		<Unit filename="src/dlar2v.f">
			<Option weight="0" />
		</Unit>
		<Unit filename="src/dlarf.f">
			<Option weight="0" />
		</Unit>
		<Unit filename="src/dlarfb.f">
			<Option weight="0" />
		</Unit>
		<Unit filename="src/dlarfg.f">
			<Option weight="0" />
		</Unit>
		<Unit filename="src/dlarfgp.f">
			<Option weight="0" />
		</Unit>
		<Unit filename="src/dlarft.f">
			<Option weight="0" />
		</Unit>
		<Unit filename="src/dlarfx.f">
			<Option weight="0" />
		</Unit>
		<Unit filename="src/dlarfy.f">
			<Option weight="0" />
		</Unit>
		<Unit filename="src/dlargv.f">
			<Option weight="0" />
		</Unit>
		<Unit filename="src/dlarnv.f">
			<Option weight="0" />
		</Unit>
		<Unit filename="src/dlarra.f">
			<Option weight="0" />
		</Unit>
		<Unit filename="src/dlarrb.f">
			<Option weight="0" />
		</Unit>
		<Unit filename="src/dlarrc.f">
			<Option weight="0" />
		</Unit>
		<Unit filename="src/dlarrd.f">
			<Option weight="0" />
		</Unit>
		<Unit filename="src/dlarre.f">
			<Option weight="0" />
		</Unit>
		<Unit filename="src/dlarrf.f">
			<Option weight="0" />
		</Unit>
		<Unit filename="src/dlarrj.f">
			<Option weight="0" />
		</Unit>
		<Unit filename="src/dlarrk.f">
			<Option weight="0" />
		</Unit>
		<Unit filename="src/dlarrr.f">
			<Option weight="0" />
		</Unit>
		<Unit filename="src/dlarrv.f">
			<Option weight="0" />
		</Unit>
		<Unit filename="src/dlarscl2.f">
			<Option weight="0" />
		</Unit>
		<Unit filename="src/dlartg.f">
			<Option weight="0" />
		</Unit>
		<Unit filename="src/dlartgp.f">
			<Option weight="0" />
		</Unit>
		<Unit filename="src/dlartgs.f">
			<Option weight="0" />
		</Unit>
		<Unit filename="src/dlartv.f">
			<Option weight="0" />
		</Unit>
		<Unit filename="src/dlaruv.f">
			<Option weight="0" />
		</Unit>
		<Unit filename="src/dlarz.f">
			<Option weight="0" />
		</Unit>
		<Unit filename="src/dlarzb.f">
			<Option weight="0" />
		</Unit>
		<Unit filename="src/dlarzt.f">
			<Option weight="0" />
		</Unit>
		<Unit filename="src/dlas2.f">
			<Option weight="0" />
		</Unit>
		<Unit filename="src/dlascl.f">
			<Option weight="0" />
		</Unit>
		<Unit filename="src/dlascl2.f">
			<Option weight="0" />
		</Unit>
		<Unit filename="src/dlasd0.f">
			<Option weight="0" />
		</Unit>
		<Unit filename="src/dlasd1.f">
			<Option weight="0" />
		</Unit>
		<Unit filename="src/dlasd2.f">
			<Option weight="0" />
		</Unit>
		<Unit filename="src/dlasd3.f">
			<Option weight="0" />
		</Unit>
		<Unit filename="src/dlasd4.f">
			<Option weight="0" />
		</Unit>
		<Unit filename="src/dlasd5.f">
			<Option weight="0" />
		</Unit>
		<Unit filename="src/dlasd6.f">
			<Option weight="0" />
		</Unit>
		<Unit filename="src/dlasd7.f">
			<Option weight="0" />
		</Unit>
		<Unit filename="src/dlasd8.f">
			<Option weight="0" />
		</Unit>
		<Unit filename="src/dlasda.f">
			<Option weight="0" />
		</Unit>
		<Unit filename="src/dlasdq.f">
			<Option weight="0" />
		</Unit>
		<Unit filename="src/dlasdt.f">
			<Option weight="0" />
		</Unit>
		<Unit filename="src/dlaset.f">
			<Option weight="0" />
		</Unit>
		<Unit filename="src/dlasq1.f">
			<Option weight="0" />
		</Unit>
		<Unit filename="src/dlasq2.f">
			<Option weight="0" />
		</Unit>
		<Unit filename="src/dlasq3.f">
			<Option weight="0" />
		</Unit>
		<Unit filename="src/dlasq4.f">
			<Option weight="0" />
		</Unit>
		<Unit filename="src/dlasq5.f">
			<Option weight="0" />
		</Unit>
		<Unit filename="src/dlasq6.f">
			<Option weight="0" />
		</Unit>
		<Unit filename="src/dlasr.f">
			<Option weight="0" />
		</Unit>
		<Unit filename="src/dlasrt.f">
			<Option weight="0" />
		</Unit>
		<Unit filename="src/dlassq.f">
			<Option weight="0" />
		</Unit>
		<Unit filename="src/dlasv2.f">
			<Option weight="0" />
		</Unit>
		<Unit filename="src/dlaswlq.f">
			<Option weight="0" />
		</Unit>
		<Unit filename="src/dlaswp.f">
			<Option weight="0" />
		</Unit>
		<Unit filename="src/dlasy2.f">
			<Option weight="0" />
		</Unit>
		<Unit filename="src/dlasyf.f">
			<Option weight="0" />
		</Unit>
		<Unit filename="src/dlasyf_aa.f">
			<Option weight="0" />
		</Unit>
		<Unit filename="src/dlasyf_rk.f">
			<Option weight="0" />
		</Unit>
		<Unit filename="src/dlasyf_rook.f">
			<Option weight="0" />
		</Unit>
		<Unit filename="src/dlat2s.f">
			<Option weight="0" />
		</Unit>
		<Unit filename="src/dlatbs.f">
			<Option weight="0" />
		</Unit>
		<Unit filename="src/dlatdf.f">
			<Option weight="0" />
		</Unit>
		<Unit filename="src/dlatps.f">
			<Option weight="0" />
		</Unit>
		<Unit filename="src/dlatrd.f">
			<Option weight="0" />
		</Unit>
		<Unit filename="src/dlatrs.f">
			<Option weight="0" />
		</Unit>
		<Unit filename="src/dlatrz.f">
			<Option weight="0" />
		</Unit>
		<Unit filename="src/dlatsqr.f">
			<Option weight="0" />
		</Unit>
		<Unit filename="src/dlauu2.f">
			<Option weight="0" />
		</Unit>
		<Unit filename="src/dlauum.f">
			<Option weight="0" />
		</Unit>
		<Unit filename="src/dopgtr.f">
			<Option weight="0" />
		</Unit>
		<Unit filename="src/dopmtr.f">
			<Option weight="0" />
		</Unit>
		<Unit filename="src/dorbdb.f">
			<Option weight="0" />
		</Unit>
		<Unit filename="src/dorbdb1.f">
			<Option weight="0" />
		</Unit>
		<Unit filename="src/dorbdb2.f">
			<Option weight="0" />
		</Unit>
		<Unit filename="src/dorbdb3.f">
			<Option weight="0" />
		</Unit>
		<Unit filename="src/dorbdb4.f">
			<Option weight="0" />
		</Unit>
		<Unit filename="src/dorbdb5.f">
			<Option weight="0" />
		</Unit>
		<Unit filename="src/dorbdb6.f">
			<Option weight="0" />
		</Unit>
		<Unit filename="src/dorcsd.f">
			<Option weight="0" />
		</Unit>
		<Unit filename="src/dorcsd2by1.f">
			<Option weight="0" />
		</Unit>
		<Unit filename="src/dorg2l.f">
			<Option weight="0" />
		</Unit>
		<Unit filename="src/dorg2r.f">
			<Option weight="0" />
		</Unit>
		<Unit filename="src/dorgbr.f">
			<Option weight="0" />
		</Unit>
		<Unit filename="src/dorghr.f">
			<Option weight="0" />
		</Unit>
		<Unit filename="src/dorgl2.f">
			<Option weight="0" />
		</Unit>
		<Unit filename="src/dorglq.f">
			<Option weight="0" />
		</Unit>
		<Unit filename="src/dorgql.f">
			<Option weight="0" />
		</Unit>
		<Unit filename="src/dorgqr.f">
			<Option weight="0" />
		</Unit>
		<Unit filename="src/dorgr2.f">
			<Option weight="0" />
		</Unit>
		<Unit filename="src/dorgrq.f">
			<Option weight="0" />
		</Unit>
		<Unit filename="src/dorgtr.f">
			<Option weight="0" />
		</Unit>
		<Unit filename="src/dorm22.f">
			<Option weight="0" />
		</Unit>
		<Unit filename="src/dorm2l.f">
			<Option weight="0" />
		</Unit>
		<Unit filename="src/dorm2r.f">
			<Option weight="0" />
		</Unit>
		<Unit filename="src/dormbr.f">
			<Option weight="0" />
		</Unit>
		<Unit filename="src/dormhr.f">
			<Option weight="0" />
		</Unit>
		<Unit filename="src/dorml2.f">
			<Option weight="0" />
		</Unit>
		<Unit filename="src/dormlq.f">
			<Option weight="0" />
		</Unit>
		<Unit filename="src/dormql.f">
			<Option weight="0" />
		</Unit>
		<Unit filename="src/dormqr.f">
			<Option weight="0" />
		</Unit>
		<Unit filename="src/dormr2.f">
			<Option weight="0" />
		</Unit>
		<Unit filename="src/dormr3.f">
			<Option weight="0" />
		</Unit>
		<Unit filename="src/dormrq.f">
			<Option weight="0" />
		</Unit>
		<Unit filename="src/dormrz.f">
			<Option weight="0" />
		</Unit>
		<Unit filename="src/dormtr.f">
			<Option weight="0" />
		</Unit>
		<Unit filename="src/dpbcon.f">
			<Option weight="0" />
		</Unit>
		<Unit filename="src/dpbequ.f">
			<Option weight="0" />
		</Unit>
		<Unit filename="src/dpbrfs.f">
			<Option weight="0" />
		</Unit>
		<Unit filename="src/dpbstf.f">
			<Option weight="0" />
		</Unit>
		<Unit filename="src/dpbsv.f">
			<Option weight="0" />
		</Unit>
		<Unit filename="src/dpbsvx.f">
			<Option weight="0" />
		</Unit>
		<Unit filename="src/dpbtf2.f">
			<Option weight="0" />
		</Unit>
		<Unit filename="src/dpbtrf.f">
			<Option weight="0" />
		</Unit>
		<Unit filename="src/dpbtrs.f">
			<Option weight="0" />
		</Unit>
		<Unit filename="src/dpftrf.f">
			<Option weight="0" />
		</Unit>
		<Unit filename="src/dpftri.f">
			<Option weight="0" />
		</Unit>
		<Unit filename="src/dpftrs.f">
			<Option weight="0" />
		</Unit>
		<Unit filename="src/dpocon.f">
			<Option weight="0" />
		</Unit>
		<Unit filename="src/dpoequ.f">
			<Option weight="0" />
		</Unit>
		<Unit filename="src/dpoequb.f">
			<Option weight="0" />
		</Unit>
		<Unit filename="src/dporfs.f">
			<Option weight="0" />
		</Unit>
		<Unit filename="src/dporfsx.f">
			<Option weight="0" />
		</Unit>
		<Unit filename="src/dposv.f">
			<Option weight="0" />
		</Unit>
		<Unit filename="src/dposvx.f">
			<Option weight="0" />
		</Unit>
		<Unit filename="src/dposvxx.f">
			<Option weight="0" />
		</Unit>
		<Unit filename="src/dpotf2.f">
			<Option weight="0" />
		</Unit>
		<Unit filename="src/dpotrf.f">
			<Option weight="0" />
		</Unit>
		<Unit filename="src/dpotrf2.f">
			<Option weight="0" />
		</Unit>
		<Unit filename="src/dpotri.f">
			<Option weight="0" />
		</Unit>
		<Unit filename="src/dpotrs.f">
			<Option weight="0" />
		</Unit>
		<Unit filename="src/dppcon.f">
			<Option weight="0" />
		</Unit>
		<Unit filename="src/dppequ.f">
			<Option weight="0" />
		</Unit>
		<Unit filename="src/dpprfs.f">
			<Option weight="0" />
		</Unit>
		<Unit filename="src/dppsv.f">
			<Option weight="0" />
		</Unit>
		<Unit filename="src/dppsvx.f">
			<Option weight="0" />
		</Unit>
		<Unit filename="src/dpptrf.f">
			<Option weight="0" />
		</Unit>
		<Unit filename="src/dpptri.f">
			<Option weight="0" />
		</Unit>
		<Unit filename="src/dpptrs.f">
			<Option weight="0" />
		</Unit>
		<Unit filename="src/dpstf2.f">
			<Option weight="0" />
		</Unit>
		<Unit filename="src/dpstrf.f">
			<Option weight="0" />
		</Unit>
		<Unit filename="src/dptcon.f">
			<Option weight="0" />
		</Unit>
		<Unit filename="src/dpteqr.f">
			<Option weight="0" />
		</Unit>
		<Unit filename="src/dptrfs.f">
			<Option weight="0" />
		</Unit>
		<Unit filename="src/dptsv.f">
			<Option weight="0" />
		</Unit>
		<Unit filename="src/dptsvx.f">
			<Option weight="0" />
		</Unit>
		<Unit filename="src/dpttrf.f">
			<Option weight="0" />
		</Unit>
		<Unit filename="src/dpttrs.f">
			<Option weight="0" />
		</Unit>
		<Unit filename="src/dptts2.f">
			<Option weight="0" />
		</Unit>
		<Unit filename="src/drscl.f">
			<Option weight="0" />
		</Unit>
		<Unit filename="src/dsb2st_kernels.f">
			<Option weight="0" />
		</Unit>
		<Unit filename="src/dsbev.f">
			<Option weight="0" />
		</Unit>
		<Unit filename="src/dsbev_2stage.f">
			<Option weight="0" />
		</Unit>
		<Unit filename="src/dsbevd.f">
			<Option weight="0" />
		</Unit>
		<Unit filename="src/dsbevd_2stage.f">
			<Option weight="0" />
		</Unit>
		<Unit filename="src/dsbevx.f">
			<Option weight="0" />
		</Unit>
		<Unit filename="src/dsbevx_2stage.f">
			<Option weight="0" />
		</Unit>
		<Unit filename="src/dsbgst.f">
			<Option weight="0" />
		</Unit>
		<Unit filename="src/dsbgv.f">
			<Option weight="0" />
		</Unit>
		<Unit filename="src/dsbgvd.f">
			<Option weight="0" />
		</Unit>
		<Unit filename="src/dsbgvx.f">
			<Option weight="0" />
		</Unit>
		<Unit filename="src/dsbtrd.f">
			<Option weight="0" />
		</Unit>
		<Unit filename="src/dsfrk.f">
			<Option weight="0" />
		</Unit>
		<Unit filename="src/dsgesv.f">
			<Option weight="0" />
		</Unit>
		<Unit filename="src/dspcon.f">
			<Option weight="0" />
		</Unit>
		<Unit filename="src/dspev.f">
			<Option weight="0" />
		</Unit>
		<Unit filename="src/dspevd.f">
			<Option weight="0" />
		</Unit>
		<Unit filename="src/dspevx.f">
			<Option weight="0" />
		</Unit>
		<Unit filename="src/dspgst.f">
			<Option weight="0" />
		</Unit>
		<Unit filename="src/dspgv.f">
			<Option weight="0" />
		</Unit>
		<Unit filename="src/dspgvd.f">
			<Option weight="0" />
		</Unit>
		<Unit filename="src/dspgvx.f">
			<Option weight="0" />
		</Unit>
		<Unit filename="src/dsposv.f">
			<Option weight="0" />
		</Unit>
		<Unit filename="src/dsprfs.f">
			<Option weight="0" />
		</Unit>
		<Unit filename="src/dspsv.f">
			<Option weight="0" />
		</Unit>
		<Unit filename="src/dspsvx.f">
			<Option weight="0" />
		</Unit>
		<Unit filename="src/dsptrd.f">
			<Option weight="0" />
		</Unit>
		<Unit filename="src/dsptrf.f">
			<Option weight="0" />
		</Unit>
		<Unit filename="src/dsptri.f">
			<Option weight="0" />
		</Unit>
		<Unit filename="src/dsptrs.f">
			<Option weight="0" />
		</Unit>
		<Unit filename="src/dstebz.f">
			<Option weight="0" />
		</Unit>
		<Unit filename="src/dstedc.f">
			<Option weight="0" />
		</Unit>
		<Unit filename="src/dstegr.f">
			<Option weight="0" />
		</Unit>
		<Unit filename="src/dstein.f">
			<Option weight="0" />
		</Unit>
		<Unit filename="src/dstemr.f">
			<Option weight="0" />
		</Unit>
		<Unit filename="src/dsteqr.f">
			<Option weight="0" />
		</Unit>
		<Unit filename="src/dsterf.f">
			<Option weight="0" />
		</Unit>
		<Unit filename="src/dstev.f">
			<Option weight="0" />
		</Unit>
		<Unit filename="src/dstevd.f">
			<Option weight="0" />
		</Unit>
		<Unit filename="src/dstevr.f">
			<Option weight="0" />
		</Unit>
		<Unit filename="src/dstevx.f">
			<Option weight="0" />
		</Unit>
		<Unit filename="src/dsycon.f">
			<Option weight="0" />
		</Unit>
		<Unit filename="src/dsycon_3.f">
			<Option weight="0" />
		</Unit>
		<Unit filename="src/dsycon_rook.f">
			<Option weight="0" />
		</Unit>
		<Unit filename="src/dsyconv.f">
			<Option weight="0" />
		</Unit>
		<Unit filename="src/dsyconvf.f">
			<Option weight="0" />
		</Unit>
		<Unit filename="src/dsyconvf_rook.f">
			<Option weight="0" />
		</Unit>
		<Unit filename="src/dsyequb.f">
			<Option weight="0" />
		</Unit>
		<Unit filename="src/dsyev.f">
			<Option weight="0" />
		</Unit>
		<Unit filename="src/dsyev_2stage.f">
			<Option weight="0" />
		</Unit>
		<Unit filename="src/dsyevd.f">
			<Option weight="0" />
		</Unit>
		<Unit filename="src/dsyevd_2stage.f">
			<Option weight="0" />
		</Unit>
		<Unit filename="src/dsyevr.f">
			<Option weight="0" />
		</Unit>
		<Unit filename="src/dsyevr_2stage.f">
			<Option weight="0" />
		</Unit>
		<Unit filename="src/dsyevx.f">
			<Option weight="0" />
		</Unit>
		<Unit filename="src/dsyevx_2stage.f">
			<Option weight="0" />
		</Unit>
		<Unit filename="src/dsygs2.f">
			<Option weight="0" />
		</Unit>
		<Unit filename="src/dsygst.f">
			<Option weight="0" />
		</Unit>
		<Unit filename="src/dsygv.f">
			<Option weight="0" />
		</Unit>
		<Unit filename="src/dsygv_2stage.f">
			<Option weight="0" />
		</Unit>
		<Unit filename="src/dsygvd.f">
			<Option weight="0" />
		</Unit>
		<Unit filename="src/dsygvx.f">
			<Option weight="0" />
		</Unit>
		<Unit filename="src/dsyrfs.f">
			<Option weight="0" />
		</Unit>
		<Unit filename="src/dsyrfsx.f">
			<Option weight="0" />
		</Unit>
		<Unit filename="src/dsysv.f">
			<Option weight="0" />
		</Unit>
		<Unit filename="src/dsysv_aa.f">
			<Option weight="0" />
		</Unit>
		<Unit filename="src/dsysv_aa_2stage.f">
			<Option weight="0" />
		</Unit>
		<Unit filename="src/dsysv_rk.f">
			<Option weight="0" />
		</Unit>
		<Unit filename="src/dsysv_rook.f">
			<Option weight="0" />
		</Unit>
		<Unit filename="src/dsysvx.f">
			<Option weight="0" />
		</Unit>
		<Unit filename="src/dsysvxx.f">
			<Option weight="0" />
		</Unit>
		<Unit filename="src/dsyswapr.f">
			<Option weight="0" />
		</Unit>
		<Unit filename="src/dsytd2.f">
			<Option weight="0" />
		</Unit>
		<Unit filename="src/dsytf2.f">
			<Option weight="0" />
		</Unit>
		<Unit filename="src/dsytf2_rk.f">
			<Option weight="0" />
		</Unit>
		<Unit filename="src/dsytf2_rook.f">
			<Option weight="0" />
		</Unit>
		<Unit filename="src/dsytrd.f">
			<Option weight="0" />
		</Unit>
		<Unit filename="src/dsytrd_2stage.f">
			<Option weight="0" />
		</Unit>
		<Unit filename="src/dsytrd_sb2st.F">
			<Option weight="0" />
		</Unit>
		<Unit filename="src/dsytrd_sy2sb.f">
			<Option weight="0" />
		</Unit>
		<Unit filename="src/dsytrf.f">
			<Option weight="0" />
		</Unit>
		<Unit filename="src/dsytrf_aa.f">
			<Option weight="0" />
		</Unit>
		<Unit filename="src/dsytrf_aa_2stage.f">
			<Option weight="0" />
		</Unit>
		<Unit filename="src/dsytrf_rk.f">
			<Option weight="0" />
		</Unit>
		<Unit filename="src/dsytrf_rook.f">
			<Option weight="0" />
		</Unit>
		<Unit filename="src/dsytri.f">
			<Option weight="0" />
		</Unit>
		<Unit filename="src/dsytri2.f">
			<Option weight="0" />
		</Unit>
		<Unit filename="src/dsytri2x.f">
			<Option weight="0" />
		</Unit>
		<Unit filename="src/dsytri_3.f">
			<Option weight="0" />
		</Unit>
		<Unit filename="src/dsytri_3x.f">
			<Option weight="0" />
		</Unit>
		<Unit filename="src/dsytri_rook.f">
			<Option weight="0" />
		</Unit>
		<Unit filename="src/dsytrs.f">
			<Option weight="0" />
		</Unit>
		<Unit filename="src/dsytrs2.f">
			<Option weight="0" />
		</Unit>
		<Unit filename="src/dsytrs_3.f">
			<Option weight="0" />
		</Unit>
		<Unit filename="src/dsytrs_aa.f">
			<Option weight="0" />
		</Unit>
		<Unit filename="src/dsytrs_aa_2stage.f">
			<Option weight="0" />
		</Unit>
		<Unit filename="src/dsytrs_rook.f">
			<Option weight="0" />
		</Unit>
		<Unit filename="src/dtbcon.f">
			<Option weight="0" />
		</Unit>
		<Unit filename="src/dtbrfs.f">
			<Option weight="0" />
		</Unit>
		<Unit filename="src/dtbtrs.f">
			<Option weight="0" />
		</Unit>
		<Unit filename="src/dtfsm.f">
			<Option weight="0" />
		</Unit>
		<Unit filename="src/dtftri.f">
			<Option weight="0" />
		</Unit>
		<Unit filename="src/dtfttp.f">
			<Option weight="0" />
		</Unit>
		<Unit filename="src/dtfttr.f">
			<Option weight="0" />
		</Unit>
		<Unit filename="src/dtgevc.f">
			<Option weight="0" />
		</Unit>
		<Unit filename="src/dtgex2.f">
			<Option weight="0" />
		</Unit>
		<Unit filename="src/dtgexc.f">
			<Option weight="0" />
		</Unit>
		<Unit filename="src/dtgsen.f">
			<Option weight="0" />
		</Unit>
		<Unit filename="src/dtgsja.f">
			<Option weight="0" />
		</Unit>
		<Unit filename="src/dtgsna.f">
			<Option weight="0" />
		</Unit>
		<Unit filename="src/dtgsy2.f">
			<Option weight="0" />
		</Unit>
		<Unit filename="src/dtgsyl.f">
			<Option weight="0" />
		</Unit>
		<Unit filename="src/dtpcon.f">
			<Option weight="0" />
		</Unit>
		<Unit filename="src/dtplqt.f">
			<Option weight="0" />
		</Unit>
		<Unit filename="src/dtplqt2.f">
			<Option weight="0" />
		</Unit>
		<Unit filename="src/dtpmlqt.f">
			<Option weight="0" />
		</Unit>
		<Unit filename="src/dtpmqrt.f">
			<Option weight="0" />
		</Unit>
		<Unit filename="src/dtpqrt.f">
			<Option weight="0" />
		</Unit>
		<Unit filename="src/dtpqrt2.f">
			<Option weight="0" />
		</Unit>
		<Unit filename="src/dtprfb.f">
			<Option weight="0" />
		</Unit>
		<Unit filename="src/dtprfs.f">
			<Option weight="0" />
		</Unit>
		<Unit filename="src/dtptri.f">
			<Option weight="0" />
		</Unit>
		<Unit filename="src/dtptrs.f">
			<Option weight="0" />
		</Unit>
		<Unit filename="src/dtpttf.f">
			<Option weight="0" />
		</Unit>
		<Unit filename="src/dtpttr.f">
			<Option weight="0" />
		</Unit>
		<Unit filename="src/dtrcon.f">
			<Option weight="0" />
		</Unit>
		<Unit filename="src/dtrevc.f">
			<Option weight="0" />
		</Unit>
		<Unit filename="src/dtrevc3.f">
			<Option weight="0" />
		</Unit>
		<Unit filename="src/dtrexc.f">
			<Option weight="0" />
		</Unit>
		<Unit filename="src/dtrrfs.f">
			<Option weight="0" />
		</Unit>
		<Unit filename="src/dtrsen.f">
			<Option weight="0" />
		</Unit>
		<Unit filename="src/dtrsna.f">
			<Option weight="0" />
		</Unit>
		<Unit filename="src/dtrsyl.f">
			<Option weight="0" />
		</Unit>
		<Unit filename="src/dtrti2.f">
			<Option weight="0" />
		</Unit>
		<Unit filename="src/dtrtri.f">
			<Option weight="0" />
		</Unit>
		<Unit filename="src/dtrtrs.f">
			<Option weight="0" />
		</Unit>
		<Unit filename="src/dtrttf.f">
			<Option weight="0" />
		</Unit>
		<Unit filename="src/dtrttp.f">
			<Option weight="0" />
		</Unit>
		<Unit filename="src/dtzrzf.f">
			<Option weight="0" />
		</Unit>
		<Unit filename="src/dzsum1.f">
			<Option weight="0" />
		</Unit>
		<Unit filename="src/icmax1.f">
			<Option weight="0" />
		</Unit>
		<Unit filename="src/ieeeck.f">
			<Option weight="0" />
		</Unit>
		<Unit filename="src/ilaclc.f">
			<Option weight="0" />
		</Unit>
		<Unit filename="src/ilaclr.f">
			<Option weight="0" />
		</Unit>
		<Unit filename="src/iladiag.f">
			<Option weight="0" />
		</Unit>
		<Unit filename="src/iladlc.f">
			<Option weight="0" />
		</Unit>
		<Unit filename="src/iladlr.f">
			<Option weight="0" />
		</Unit>
		<Unit filename="src/ilaenv.f">
			<Option weight="0" />
		</Unit>
		<Unit filename="src/ilaenv2stage.f">
			<Option weight="0" />
		</Unit>
		<Unit filename="src/ilaprec.f">
			<Option weight="0" />
		</Unit>
		<Unit filename="src/ilaslc.f">
			<Option weight="0" />
		</Unit>
		<Unit filename="src/ilaslr.f">
			<Option weight="0" />
		</Unit>
		<Unit filename="src/ilatrans.f">
			<Option weight="0" />
		</Unit>
		<Unit filename="src/ilauplo.f">
			<Option weight="0" />
		</Unit>
		<Unit filename="src/ilazlc.f">
			<Option weight="0" />
		</Unit>
		<Unit filename="src/ilazlr.f">
			<Option weight="0" />
		</Unit>
		<Unit filename="src/iparam2stage.F">
			<Option weight="0" />
		</Unit>
		<Unit filename="src/iparmq.f">
			<Option weight="0" />
		</Unit>
		<Unit filename="src/izmax1.f">
			<Option weight="0" />
		</Unit>
		<Extensions>
			<code_completion />
			<envvars />
			<debugger />
		</Extensions>
	</Project>
</CodeBlocks_project_file>
