<?xml version="1.0" encoding="UTF-8" standalone="yes" ?>
<CodeBlocks_project_file>
	<FileVersion major="1" minor="6" />
	<Project>
		<Option title="lapack_complex" />
		<Option pch_mode="2" />
		<Option compiler="gcc" />
		<Build>
			<Target title="Debug">
				<Option output="bin/Debug/lapack_complex" prefix_auto="1" extension_auto="1" />
				<Option working_dir="" />
				<Option object_output="obj/Debug/" />
				<Option type="2" />
				<Option compiler="gcc" />
				<Option createDefFile="1" />
				<Compiler>
					<Add option="-Wall" />
					<Add option="-g" />
				</Compiler>
			</Target>
			<Target title="Release">
				<Option output="bin/Release/lapack_complex" prefix_auto="1" extension_auto="1" />
				<Option working_dir="" />
				<Option object_output="obj/Release/" />
				<Option type="2" />
				<Option compiler="gcc" />
				<Option createDefFile="1" />
				<Compiler>
					<Add option="-Wall" />
					<Add option="-O2" />
				</Compiler>
				<Linker>
					<Add option="-s" />
				</Linker>
			</Target>
		</Build>
		<Unit filename="src/dlamch.f">
			<Option weight="0" />
		</Unit>
		<Unit filename="src/icmax1.f">
			<Option weight="0" />
		</Unit>
		<Unit filename="src/ieeeck.f">
			<Option weight="0" />
		</Unit>
		<Unit filename="src/ilaclc.f">
			<Option weight="0" />
		</Unit>
		<Unit filename="src/ilaclr.f">
			<Option weight="0" />
		</Unit>
		<Unit filename="src/iladiag.f">
			<Option weight="0" />
		</Unit>
		<Unit filename="src/iladlc.f">
			<Option weight="0" />
		</Unit>
		<Unit filename="src/iladlr.f">
			<Option weight="0" />
		</Unit>
		<Unit filename="src/ilaenv.f">
			<Option weight="0" />
		</Unit>
		<Unit filename="src/ilaenv2stage.f">
			<Option weight="0" />
		</Unit>
		<Unit filename="src/ilaprec.f">
			<Option weight="0" />
		</Unit>
		<Unit filename="src/ilaslc.f">
			<Option weight="0" />
		</Unit>
		<Unit filename="src/ilaslr.f">
			<Option weight="0" />
		</Unit>
		<Unit filename="src/ilatrans.f">
			<Option weight="0" />
		</Unit>
		<Unit filename="src/ilauplo.f">
			<Option weight="0" />
		</Unit>
		<Unit filename="src/ilazlc.f">
			<Option weight="0" />
		</Unit>
		<Unit filename="src/ilazlr.f">
			<Option weight="0" />
		</Unit>
		<Unit filename="src/iparam2stage.F">
			<Option weight="0" />
		</Unit>
		<Unit filename="src/iparmq.f">
			<Option weight="0" />
		</Unit>
		<Unit filename="src/izmax1.f">
			<Option weight="0" />
		</Unit>
		<Unit filename="src/zbbcsd.f">
			<Option weight="0" />
		</Unit>
		<Unit filename="src/zbdsqr.f">
			<Option weight="0" />
		</Unit>
		<Unit filename="src/zcgesv.f">
			<Option weight="0" />
		</Unit>
		<Unit filename="src/zcposv.f">
			<Option weight="0" />
		</Unit>
		<Unit filename="src/zdrscl.f">
			<Option weight="0" />
		</Unit>
		<Unit filename="src/zgbbrd.f">
			<Option weight="0" />
		</Unit>
		<Unit filename="src/zgbcon.f">
			<Option weight="0" />
		</Unit>
		<Unit filename="src/zgbequ.f">
			<Option weight="0" />
		</Unit>
		<Unit filename="src/zgbequb.f">
			<Option weight="0" />
		</Unit>
		<Unit filename="src/zgbrfs.f">
			<Option weight="0" />
		</Unit>
		<Unit filename="src/zgbrfsx.f">
			<Option weight="0" />
		</Unit>
		<Unit filename="src/zgbsv.f">
			<Option weight="0" />
		</Unit>
		<Unit filename="src/zgbsvx.f">
			<Option weight="0" />
		</Unit>
		<Unit filename="src/zgbsvxx.f">
			<Option weight="0" />
		</Unit>
		<Unit filename="src/zgbtf2.f">
			<Option weight="0" />
		</Unit>
		<Unit filename="src/zgbtrf.f">
			<Option weight="0" />
		</Unit>
		<Unit filename="src/zgbtrs.f">
			<Option weight="0" />
		</Unit>
		<Unit filename="src/zgebak.f">
			<Option weight="0" />
		</Unit>
		<Unit filename="src/zgebal.f">
			<Option weight="0" />
		</Unit>
		<Unit filename="src/zgebd2.f">
			<Option weight="0" />
		</Unit>
		<Unit filename="src/zgebrd.f">
			<Option weight="0" />
		</Unit>
		<Unit filename="src/zgecon.f">
			<Option weight="0" />
		</Unit>
		<Unit filename="src/zgeequ.f">
			<Option weight="0" />
		</Unit>
		<Unit filename="src/zgeequb.f">
			<Option weight="0" />
		</Unit>
		<Unit filename="src/zgees.f">
			<Option weight="0" />
		</Unit>
		<Unit filename="src/zgeesx.f">
			<Option weight="0" />
		</Unit>
		<Unit filename="src/zgeev.f">
			<Option weight="0" />
		</Unit>
		<Unit filename="src/zgeevx.f">
			<Option weight="0" />
		</Unit>
		<Unit filename="src/zgehd2.f">
			<Option weight="0" />
		</Unit>
		<Unit filename="src/zgehrd.f">
			<Option weight="0" />
		</Unit>
		<Unit filename="src/zgejsv.f">
			<Option weight="0" />
		</Unit>
		<Unit filename="src/zgelq.f">
			<Option weight="0" />
		</Unit>
		<Unit filename="src/zgelq2.f">
			<Option weight="0" />
		</Unit>
		<Unit filename="src/zgelqf.f">
			<Option weight="0" />
		</Unit>
		<Unit filename="src/zgelqt.f">
			<Option weight="0" />
		</Unit>
		<Unit filename="src/zgelqt3.f">
			<Option weight="0" />
		</Unit>
		<Unit filename="src/zgels.f">
			<Option weight="0" />
		</Unit>
		<Unit filename="src/zgelsd.f">
			<Option weight="0" />
		</Unit>
		<Unit filename="src/zgelss.f">
			<Option weight="0" />
		</Unit>
		<Unit filename="src/zgelsy.f">
			<Option weight="0" />
		</Unit>
		<Unit filename="src/zgemlq.f">
			<Option weight="0" />
		</Unit>
		<Unit filename="src/zgemlqt.f">
			<Option weight="0" />
		</Unit>
		<Unit filename="src/zgemqr.f">
			<Option weight="0" />
		</Unit>
		<Unit filename="src/zgemqrt.f">
			<Option weight="0" />
		</Unit>
		<Unit filename="src/zgeql2.f">
			<Option weight="0" />
		</Unit>
		<Unit filename="src/zgeqlf.f">
			<Option weight="0" />
		</Unit>
		<Unit filename="src/zgeqp3.f">
			<Option weight="0" />
		</Unit>
		<Unit filename="src/zgeqr.f">
			<Option weight="0" />
		</Unit>
		<Unit filename="src/zgeqr2.f">
			<Option weight="0" />
		</Unit>
		<Unit filename="src/zgeqr2p.f">
			<Option weight="0" />
		</Unit>
		<Unit filename="src/zgeqrf.f">
			<Option weight="0" />
		</Unit>
		<Unit filename="src/zgeqrfp.f">
			<Option weight="0" />
		</Unit>
		<Unit filename="src/zgeqrt.f">
			<Option weight="0" />
		</Unit>
		<Unit filename="src/zgeqrt2.f">
			<Option weight="0" />
		</Unit>
		<Unit filename="src/zgeqrt3.f">
			<Option weight="0" />
		</Unit>
		<Unit filename="src/zgerfs.f">
			<Option weight="0" />
		</Unit>
		<Unit filename="src/zgerfsx.f">
			<Option weight="0" />
		</Unit>
		<Unit filename="src/zgerq2.f">
			<Option weight="0" />
		</Unit>
		<Unit filename="src/zgerqf.f">
			<Option weight="0" />
		</Unit>
		<Unit filename="src/zgesc2.f">
			<Option weight="0" />
		</Unit>
		<Unit filename="src/zgesdd.f">
			<Option weight="0" />
		</Unit>
		<Unit filename="src/zgesv.f">
			<Option weight="0" />
		</Unit>
		<Unit filename="src/zgesvd.f">
			<Option weight="0" />
		</Unit>
		<Unit filename="src/zgesvdx.f">
			<Option weight="0" />
		</Unit>
		<Unit filename="src/zgesvj.f">
			<Option weight="0" />
		</Unit>
		<Unit filename="src/zgesvx.f">
			<Option weight="0" />
		</Unit>
		<Unit filename="src/zgesvxx.f">
			<Option weight="0" />
		</Unit>
		<Unit filename="src/zgetc2.f">
			<Option weight="0" />
		</Unit>
		<Unit filename="src/zgetf2.f">
			<Option weight="0" />
		</Unit>
		<Unit filename="src/zgetrf.f">
			<Option weight="0" />
		</Unit>
		<Unit filename="src/zgetrf2.f">
			<Option weight="0" />
		</Unit>
		<Unit filename="src/zgetri.f">
			<Option weight="0" />
		</Unit>
		<Unit filename="src/zgetrs.f">
			<Option weight="0" />
		</Unit>
		<Unit filename="src/zgetsls.f">
			<Option weight="0" />
		</Unit>
		<Unit filename="src/zggbak.f">
			<Option weight="0" />
		</Unit>
		<Unit filename="src/zggbal.f">
			<Option weight="0" />
		</Unit>
		<Unit filename="src/zgges.f">
			<Option weight="0" />
		</Unit>
		<Unit filename="src/zgges3.f">
			<Option weight="0" />
		</Unit>
		<Unit filename="src/zggesx.f">
			<Option weight="0" />
		</Unit>
		<Unit filename="src/zggev.f">
			<Option weight="0" />
		</Unit>
		<Unit filename="src/zggev3.f">
			<Option weight="0" />
		</Unit>
		<Unit filename="src/zggevx.f">
			<Option weight="0" />
		</Unit>
		<Unit filename="src/zggglm.f">
			<Option weight="0" />
		</Unit>
		<Unit filename="src/zgghd3.f">
			<Option weight="0" />
		</Unit>
		<Unit filename="src/zgghrd.f">
			<Option weight="0" />
		</Unit>
		<Unit filename="src/zgglse.f">
			<Option weight="0" />
		</Unit>
		<Unit filename="src/zggqrf.f">
			<Option weight="0" />
		</Unit>
		<Unit filename="src/zggrqf.f">
			<Option weight="0" />
		</Unit>
		<Unit filename="src/zggsvd3.f">
			<Option weight="0" />
		</Unit>
		<Unit filename="src/zggsvp3.f">
			<Option weight="0" />
		</Unit>
		<Unit filename="src/zgsvj0.f">
			<Option weight="0" />
		</Unit>
		<Unit filename="src/zgsvj1.f">
			<Option weight="0" />
		</Unit>
		<Unit filename="src/zgtcon.f">
			<Option weight="0" />
		</Unit>
		<Unit filename="src/zgtrfs.f">
			<Option weight="0" />
		</Unit>
		<Unit filename="src/zgtsv.f">
			<Option weight="0" />
		</Unit>
		<Unit filename="src/zgtsvx.f">
			<Option weight="0" />
		</Unit>
		<Unit filename="src/zgttrf.f">
			<Option weight="0" />
		</Unit>
		<Unit filename="src/zgttrs.f">
			<Option weight="0" />
		</Unit>
		<Unit filename="src/zgtts2.f">
			<Option weight="0" />
		</Unit>
		<Unit filename="src/zhb2st_kernels.f">
			<Option weight="0" />
		</Unit>
		<Unit filename="src/zhbev.f">
			<Option weight="0" />
		</Unit>
		<Unit filename="src/zhbev_2stage.f">
			<Option weight="0" />
		</Unit>
		<Unit filename="src/zhbevd.f">
			<Option weight="0" />
		</Unit>
		<Unit filename="src/zhbevd_2stage.f">
			<Option weight="0" />
		</Unit>
		<Unit filename="src/zhbevx.f">
			<Option weight="0" />
		</Unit>
		<Unit filename="src/zhbevx_2stage.f">
			<Option weight="0" />
		</Unit>
		<Unit filename="src/zhbgst.f">
			<Option weight="0" />
		</Unit>
		<Unit filename="src/zhbgv.f">
			<Option weight="0" />
		</Unit>
		<Unit filename="src/zhbgvd.f">
			<Option weight="0" />
		</Unit>
		<Unit filename="src/zhbgvx.f">
			<Option weight="0" />
		</Unit>
		<Unit filename="src/zhbtrd.f">
			<Option weight="0" />
		</Unit>
		<Unit filename="src/zhecon.f">
			<Option weight="0" />
		</Unit>
		<Unit filename="src/zhecon_3.f">
			<Option weight="0" />
		</Unit>
		<Unit filename="src/zhecon_rook.f">
			<Option weight="0" />
		</Unit>
		<Unit filename="src/zheequb.f">
			<Option weight="0" />
		</Unit>
		<Unit filename="src/zheev.f">
			<Option weight="0" />
		</Unit>
		<Unit filename="src/zheev_2stage.f">
			<Option weight="0" />
		</Unit>
		<Unit filename="src/zheevd.f">
			<Option weight="0" />
		</Unit>
		<Unit filename="src/zheevd_2stage.f">
			<Option weight="0" />
		</Unit>
		<Unit filename="src/zheevr.f">
			<Option weight="0" />
		</Unit>
		<Unit filename="src/zheevr_2stage.f">
			<Option weight="0" />
		</Unit>
		<Unit filename="src/zheevx.f">
			<Option weight="0" />
		</Unit>
		<Unit filename="src/zheevx_2stage.f">
			<Option weight="0" />
		</Unit>
		<Unit filename="src/zhegs2.f">
			<Option weight="0" />
		</Unit>
		<Unit filename="src/zhegst.f">
			<Option weight="0" />
		</Unit>
		<Unit filename="src/zhegv.f">
			<Option weight="0" />
		</Unit>
		<Unit filename="src/zhegv_2stage.f">
			<Option weight="0" />
		</Unit>
		<Unit filename="src/zhegvd.f">
			<Option weight="0" />
		</Unit>
		<Unit filename="src/zhegvx.f">
			<Option weight="0" />
		</Unit>
		<Unit filename="src/zherfs.f">
			<Option weight="0" />
		</Unit>
		<Unit filename="src/zherfsx.f">
			<Option weight="0" />
		</Unit>
		<Unit filename="src/zhesv.f">
			<Option weight="0" />
		</Unit>
		<Unit filename="src/zhesv_aa.f">
			<Option weight="0" />
		</Unit>
		<Unit filename="src/zhesv_aa_2stage.f">
			<Option weight="0" />
		</Unit>
		<Unit filename="src/zhesv_rk.f">
			<Option weight="0" />
		</Unit>
		<Unit filename="src/zhesv_rook.f">
			<Option weight="0" />
		</Unit>
		<Unit filename="src/zhesvx.f">
			<Option weight="0" />
		</Unit>
		<Unit filename="src/zhesvxx.f">
			<Option weight="0" />
		</Unit>
		<Unit filename="src/zheswapr.f">
			<Option weight="0" />
		</Unit>
		<Unit filename="src/zhetd2.f">
			<Option weight="0" />
		</Unit>
		<Unit filename="src/zhetf2.f">
			<Option weight="0" />
		</Unit>
		<Unit filename="src/zhetf2_rk.f">
			<Option weight="0" />
		</Unit>
		<Unit filename="src/zhetf2_rook.f">
			<Option weight="0" />
		</Unit>
		<Unit filename="src/zhetrd.f">
			<Option weight="0" />
		</Unit>
		<Unit filename="src/zhetrd_2stage.f">
			<Option weight="0" />
		</Unit>
		<Unit filename="src/zhetrd_hb2st.F">
			<Option weight="0" />
		</Unit>
		<Unit filename="src/zhetrd_he2hb.f">
			<Option weight="0" />
		</Unit>
		<Unit filename="src/zhetrf.f">
			<Option weight="0" />
		</Unit>
		<Unit filename="src/zhetrf_aa.f">
			<Option weight="0" />
		</Unit>
		<Unit filename="src/zhetrf_aa_2stage.f">
			<Option weight="0" />
		</Unit>
		<Unit filename="src/zhetrf_rk.f">
			<Option weight="0" />
		</Unit>
		<Unit filename="src/zhetrf_rook.f">
			<Option weight="0" />
		</Unit>
		<Unit filename="src/zhetri.f">
			<Option weight="0" />
		</Unit>
		<Unit filename="src/zhetri2.f">
			<Option weight="0" />
		</Unit>
		<Unit filename="src/zhetri2x.f">
			<Option weight="0" />
		</Unit>
		<Unit filename="src/zhetri_3.f">
			<Option weight="0" />
		</Unit>
		<Unit filename="src/zhetri_3x.f">
			<Option weight="0" />
		</Unit>
		<Unit filename="src/zhetri_rook.f">
			<Option weight="0" />
		</Unit>
		<Unit filename="src/zhetrs.f">
			<Option weight="0" />
		</Unit>
		<Unit filename="src/zhetrs2.f">
			<Option weight="0" />
		</Unit>
		<Unit filename="src/zhetrs_3.f">
			<Option weight="0" />
		</Unit>
		<Unit filename="src/zhetrs_aa.f">
			<Option weight="0" />
		</Unit>
		<Unit filename="src/zhetrs_aa_2stage.f">
			<Option weight="0" />
		</Unit>
		<Unit filename="src/zhetrs_rook.f">
			<Option weight="0" />
		</Unit>
		<Unit filename="src/zhfrk.f">
			<Option weight="0" />
		</Unit>
		<Unit filename="src/zhgeqz.f">
			<Option weight="0" />
		</Unit>
		<Unit filename="src/zhpcon.f">
			<Option weight="0" />
		</Unit>
		<Unit filename="src/zhpev.f">
			<Option weight="0" />
		</Unit>
		<Unit filename="src/zhpevd.f">
			<Option weight="0" />
		</Unit>
		<Unit filename="src/zhpevx.f">
			<Option weight="0" />
		</Unit>
		<Unit filename="src/zhpgst.f">
			<Option weight="0" />
		</Unit>
		<Unit filename="src/zhpgv.f">
			<Option weight="0" />
		</Unit>
		<Unit filename="src/zhpgvd.f">
			<Option weight="0" />
		</Unit>
		<Unit filename="src/zhpgvx.f">
			<Option weight="0" />
		</Unit>
		<Unit filename="src/zhprfs.f">
			<Option weight="0" />
		</Unit>
		<Unit filename="src/zhpsv.f">
			<Option weight="0" />
		</Unit>
		<Unit filename="src/zhpsvx.f">
			<Option weight="0" />
		</Unit>
		<Unit filename="src/zhptrd.f">
			<Option weight="0" />
		</Unit>
		<Unit filename="src/zhptrf.f">
			<Option weight="0" />
		</Unit>
		<Unit filename="src/zhptri.f">
			<Option weight="0" />
		</Unit>
		<Unit filename="src/zhptrs.f">
			<Option weight="0" />
		</Unit>
		<Unit filename="src/zhsein.f">
			<Option weight="0" />
		</Unit>
		<Unit filename="src/zhseqr.f">
			<Option weight="0" />
		</Unit>
		<Unit filename="src/zla_gbamv.f">
			<Option weight="0" />
		</Unit>
		<Unit filename="src/zla_gbrcond_c.f">
			<Option weight="0" />
		</Unit>
		<Unit filename="src/zla_gbrcond_x.f">
			<Option weight="0" />
		</Unit>
		<Unit filename="src/zla_gbrfsx_extended.f">
			<Option weight="0" />
		</Unit>
		<Unit filename="src/zla_gbrpvgrw.f">
			<Option weight="0" />
		</Unit>
		<Unit filename="src/zla_geamv.f">
			<Option weight="0" />
		</Unit>
		<Unit filename="src/zla_gercond_c.f">
			<Option weight="0" />
		</Unit>
		<Unit filename="src/zla_gercond_x.f">
			<Option weight="0" />
		</Unit>
		<Unit filename="src/zla_gerfsx_extended.f">
			<Option weight="0" />
		</Unit>
		<Unit filename="src/zla_gerpvgrw.f">
			<Option weight="0" />
		</Unit>
		<Unit filename="src/zla_heamv.f">
			<Option weight="0" />
		</Unit>
		<Unit filename="src/zla_hercond_c.f">
			<Option weight="0" />
		</Unit>
		<Unit filename="src/zla_hercond_x.f">
			<Option weight="0" />
		</Unit>
		<Unit filename="src/zla_herfsx_extended.f">
			<Option weight="0" />
		</Unit>
		<Unit filename="src/zla_herpvgrw.f">
			<Option weight="0" />
		</Unit>
		<Unit filename="src/zla_lin_berr.f">
			<Option weight="0" />
		</Unit>
		<Unit filename="src/zla_porcond_c.f">
			<Option weight="0" />
		</Unit>
		<Unit filename="src/zla_porcond_x.f">
			<Option weight="0" />
		</Unit>
		<Unit filename="src/zla_porfsx_extended.f">
			<Option weight="0" />
		</Unit>
		<Unit filename="src/zla_porpvgrw.f">
			<Option weight="0" />
		</Unit>
		<Unit filename="src/zla_syamv.f">
			<Option weight="0" />
		</Unit>
		<Unit filename="src/zla_syrcond_c.f">
			<Option weight="0" />
		</Unit>
		<Unit filename="src/zla_syrcond_x.f">
			<Option weight="0" />
		</Unit>
		<Unit filename="src/zla_syrfsx_extended.f">
			<Option weight="0" />
		</Unit>
		<Unit filename="src/zla_syrpvgrw.f">
			<Option weight="0" />
		</Unit>
		<Unit filename="src/zla_wwaddw.f">
			<Option weight="0" />
		</Unit>
		<Unit filename="src/zlabrd.f">
			<Option weight="0" />
		</Unit>
		<Unit filename="src/zlacgv.f">
			<Option weight="0" />
		</Unit>
		<Unit filename="src/zlacn2.f">
			<Option weight="0" />
		</Unit>
		<Unit filename="src/zlacon.f">
			<Option weight="0" />
		</Unit>
		<Unit filename="src/zlacp2.f">
			<Option weight="0" />
		</Unit>
		<Unit filename="src/zlacpy.f">
			<Option weight="0" />
		</Unit>
		<Unit filename="src/zlacrm.f">
			<Option weight="0" />
		</Unit>
		<Unit filename="src/zlacrt.f">
			<Option weight="0" />
		</Unit>
		<Unit filename="src/zladiv.f">
			<Option weight="0" />
		</Unit>
		<Unit filename="src/zlaed0.f">
			<Option weight="0" />
		</Unit>
		<Unit filename="src/zlaed7.f">
			<Option weight="0" />
		</Unit>
		<Unit filename="src/zlaed8.f">
			<Option weight="0" />
		</Unit>
		<Unit filename="src/zlaein.f">
			<Option weight="0" />
		</Unit>
		<Unit filename="src/zlaesy.f">
			<Option weight="0" />
		</Unit>
		<Unit filename="src/zlaev2.f">
			<Option weight="0" />
		</Unit>
		<Unit filename="src/zlag2c.f">
			<Option weight="0" />
		</Unit>
		<Unit filename="src/zlags2.f">
			<Option weight="0" />
		</Unit>
		<Unit filename="src/zlagtm.f">
			<Option weight="0" />
		</Unit>
		<Unit filename="src/zlahef.f">
			<Option weight="0" />
		</Unit>
		<Unit filename="src/zlahef_aa.f">
			<Option weight="0" />
		</Unit>
		<Unit filename="src/zlahef_rk.f">
			<Option weight="0" />
		</Unit>
		<Unit filename="src/zlahef_rook.f">
			<Option weight="0" />
		</Unit>
		<Unit filename="src/zlahqr.f">
			<Option weight="0" />
		</Unit>
		<Unit filename="src/zlahr2.f">
			<Option weight="0" />
		</Unit>
		<Unit filename="src/zlaic1.f">
			<Option weight="0" />
		</Unit>
		<Unit filename="src/zlals0.f">
			<Option weight="0" />
		</Unit>
		<Unit filename="src/zlalsa.f">
			<Option weight="0" />
		</Unit>
		<Unit filename="src/zlalsd.f">
			<Option weight="0" />
		</Unit>
		<Unit filename="src/zlamswlq.f">
			<Option weight="0" />
		</Unit>
		<Unit filename="src/zlamtsqr.f">
			<Option weight="0" />
		</Unit>
		<Unit filename="src/zlangb.f">
			<Option weight="0" />
		</Unit>
		<Unit filename="src/zlange.f">
			<Option weight="0" />
		</Unit>
		<Unit filename="src/zlangt.f">
			<Option weight="0" />
		</Unit>
		<Unit filename="src/zlanhb.f">
			<Option weight="0" />
		</Unit>
		<Unit filename="src/zlanhe.f">
			<Option weight="0" />
		</Unit>
		<Unit filename="src/zlanhf.f">
			<Option weight="0" />
		</Unit>
		<Unit filename="src/zlanhp.f">
			<Option weight="0" />
		</Unit>
		<Unit filename="src/zlanhs.f">
			<Option weight="0" />
		</Unit>
		<Unit filename="src/zlanht.f">
			<Option weight="0" />
		</Unit>
		<Unit filename="src/zlansb.f">
			<Option weight="0" />
		</Unit>
		<Unit filename="src/zlansp.f">
			<Option weight="0" />
		</Unit>
		<Unit filename="src/zlansy.f">
			<Option weight="0" />
		</Unit>
		<Unit filename="src/zlantb.f">
			<Option weight="0" />
		</Unit>
		<Unit filename="src/zlantp.f">
			<Option weight="0" />
		</Unit>
		<Unit filename="src/zlantr.f">
			<Option weight="0" />
		</Unit>
		<Unit filename="src/zlapll.f">
			<Option weight="0" />
		</Unit>
		<Unit filename="src/zlapmr.f">
			<Option weight="0" />
		</Unit>
		<Unit filename="src/zlapmt.f">
			<Option weight="0" />
		</Unit>
		<Unit filename="src/zlaqgb.f">
			<Option weight="0" />
		</Unit>
		<Unit filename="src/zlaqge.f">
			<Option weight="0" />
		</Unit>
		<Unit filename="src/zlaqhb.f">
			<Option weight="0" />
		</Unit>
		<Unit filename="src/zlaqhe.f">
			<Option weight="0" />
		</Unit>
		<Unit filename="src/zlaqhp.f">
			<Option weight="0" />
		</Unit>
		<Unit filename="src/zlaqp2.f">
			<Option weight="0" />
		</Unit>
		<Unit filename="src/zlaqps.f">
			<Option weight="0" />
		</Unit>
		<Unit filename="src/zlaqr0.f">
			<Option weight="0" />
		</Unit>
		<Unit filename="src/zlaqr1.f">
			<Option weight="0" />
		</Unit>
		<Unit filename="src/zlaqr2.f">
			<Option weight="0" />
		</Unit>
		<Unit filename="src/zlaqr3.f">
			<Option weight="0" />
		</Unit>
		<Unit filename="src/zlaqr4.f">
			<Option weight="0" />
		</Unit>
		<Unit filename="src/zlaqr5.f">
			<Option weight="0" />
		</Unit>
		<Unit filename="src/zlaqsb.f">
			<Option weight="0" />
		</Unit>
		<Unit filename="src/zlaqsp.f">
			<Option weight="0" />
		</Unit>
		<Unit filename="src/zlaqsy.f">
			<Option weight="0" />
		</Unit>
		<Unit filename="src/zlar1v.f">
			<Option weight="0" />
		</Unit>
		<Unit filename="src/zlar2v.f">
			<Option weight="0" />
		</Unit>
		<Unit filename="src/zlarcm.f">
			<Option weight="0" />
		</Unit>
		<Unit filename="src/zlarf.f">
			<Option weight="0" />
		</Unit>
		<Unit filename="src/zlarfb.f">
			<Option weight="0" />
		</Unit>
		<Unit filename="src/zlarfg.f">
			<Option weight="0" />
		</Unit>
		<Unit filename="src/zlarfgp.f">
			<Option weight="0" />
		</Unit>
		<Unit filename="src/zlarft.f">
			<Option weight="0" />
		</Unit>
		<Unit filename="src/zlarfx.f">
			<Option weight="0" />
		</Unit>
		<Unit filename="src/zlarfy.f">
			<Option weight="0" />
		</Unit>
		<Unit filename="src/zlargv.f">
			<Option weight="0" />
		</Unit>
		<Unit filename="src/zlarnv.f">
			<Option weight="0" />
		</Unit>
		<Unit filename="src/zlarrv.f">
			<Option weight="0" />
		</Unit>
		<Unit filename="src/zlarscl2.f">
			<Option weight="0" />
		</Unit>
		<Unit filename="src/zlartg.f">
			<Option weight="0" />
		</Unit>
		<Unit filename="src/zlartv.f">
			<Option weight="0" />
		</Unit>
		<Unit filename="src/zlarz.f">
			<Option weight="0" />
		</Unit>
		<Unit filename="src/zlarzb.f">
			<Option weight="0" />
		</Unit>
		<Unit filename="src/zlarzt.f">
			<Option weight="0" />
		</Unit>
		<Unit filename="src/zlascl.f">
			<Option weight="0" />
		</Unit>
		<Unit filename="src/zlascl2.f">
			<Option weight="0" />
		</Unit>
		<Unit filename="src/zlaset.f">
			<Option weight="0" />
		</Unit>
		<Unit filename="src/zlasr.f">
			<Option weight="0" />
		</Unit>
		<Unit filename="src/zlassq.f">
			<Option weight="0" />
		</Unit>
		<Unit filename="src/zlaswlq.f">
			<Option weight="0" />
		</Unit>
		<Unit filename="src/zlaswp.f">
			<Option weight="0" />
		</Unit>
		<Unit filename="src/zlasyf.f">
			<Option weight="0" />
		</Unit>
		<Unit filename="src/zlasyf_aa.f">
			<Option weight="0" />
		</Unit>
		<Unit filename="src/zlasyf_rk.f">
			<Option weight="0" />
		</Unit>
		<Unit filename="src/zlasyf_rook.f">
			<Option weight="0" />
		</Unit>
		<Unit filename="src/zlat2c.f">
			<Option weight="0" />
		</Unit>
		<Unit filename="src/zlatbs.f">
			<Option weight="0" />
		</Unit>
		<Unit filename="src/zlatdf.f">
			<Option weight="0" />
		</Unit>
		<Unit filename="src/zlatps.f">
			<Option weight="0" />
		</Unit>
		<Unit filename="src/zlatrd.f">
			<Option weight="0" />
		</Unit>
		<Unit filename="src/zlatrs.f">
			<Option weight="0" />
		</Unit>
		<Unit filename="src/zlatrz.f">
			<Option weight="0" />
		</Unit>
		<Unit filename="src/zlatsqr.f">
			<Option weight="0" />
		</Unit>
		<Unit filename="src/zlauu2.f">
			<Option weight="0" />
		</Unit>
		<Unit filename="src/zlauum.f">
			<Option weight="0" />
		</Unit>
		<Unit filename="src/zpbcon.f">
			<Option weight="0" />
		</Unit>
		<Unit filename="src/zpbequ.f">
			<Option weight="0" />
		</Unit>
		<Unit filename="src/zpbrfs.f">
			<Option weight="0" />
		</Unit>
		<Unit filename="src/zpbstf.f">
			<Option weight="0" />
		</Unit>
		<Unit filename="src/zpbsv.f">
			<Option weight="0" />
		</Unit>
		<Unit filename="src/zpbsvx.f">
			<Option weight="0" />
		</Unit>
		<Unit filename="src/zpbtf2.f">
			<Option weight="0" />
		</Unit>
		<Unit filename="src/zpbtrf.f">
			<Option weight="0" />
		</Unit>
		<Unit filename="src/zpbtrs.f">
			<Option weight="0" />
		</Unit>
		<Unit filename="src/zpftrf.f">
			<Option weight="0" />
		</Unit>
		<Unit filename="src/zpftri.f">
			<Option weight="0" />
		</Unit>
		<Unit filename="src/zpftrs.f">
			<Option weight="0" />
		</Unit>
		<Unit filename="src/zpocon.f">
			<Option weight="0" />
		</Unit>
		<Unit filename="src/zpoequ.f">
			<Option weight="0" />
		</Unit>
		<Unit filename="src/zpoequb.f">
			<Option weight="0" />
		</Unit>
		<Unit filename="src/zporfs.f">
			<Option weight="0" />
		</Unit>
		<Unit filename="src/zporfsx.f">
			<Option weight="0" />
		</Unit>
		<Unit filename="src/zposv.f">
			<Option weight="0" />
		</Unit>
		<Unit filename="src/zposvx.f">
			<Option weight="0" />
		</Unit>
		<Unit filename="src/zposvxx.f">
			<Option weight="0" />
		</Unit>
		<Unit filename="src/zpotf2.f">
			<Option weight="0" />
		</Unit>
		<Unit filename="src/zpotrf.f">
			<Option weight="0" />
		</Unit>
		<Unit filename="src/zpotrf2.f">
			<Option weight="0" />
		</Unit>
		<Unit filename="src/zpotri.f">
			<Option weight="0" />
		</Unit>
		<Unit filename="src/zpotrs.f">
			<Option weight="0" />
		</Unit>
		<Unit filename="src/zppcon.f">
			<Option weight="0" />
		</Unit>
		<Unit filename="src/zppequ.f">
			<Option weight="0" />
		</Unit>
		<Unit filename="src/zpprfs.f">
			<Option weight="0" />
		</Unit>
		<Unit filename="src/zppsv.f">
			<Option weight="0" />
		</Unit>
		<Unit filename="src/zppsvx.f">
			<Option weight="0" />
		</Unit>
		<Unit filename="src/zpptrf.f">
			<Option weight="0" />
		</Unit>
		<Unit filename="src/zpptri.f">
			<Option weight="0" />
		</Unit>
		<Unit filename="src/zpptrs.f">
			<Option weight="0" />
		</Unit>
		<Unit filename="src/zpstf2.f">
			<Option weight="0" />
		</Unit>
		<Unit filename="src/zpstrf.f">
			<Option weight="0" />
		</Unit>
		<Unit filename="src/zptcon.f">
			<Option weight="0" />
		</Unit>
		<Unit filename="src/zpteqr.f">
			<Option weight="0" />
		</Unit>
		<Unit filename="src/zptrfs.f">
			<Option weight="0" />
		</Unit>
		<Unit filename="src/zptsv.f">
			<Option weight="0" />
		</Unit>
		<Unit filename="src/zptsvx.f">
			<Option weight="0" />
		</Unit>
		<Unit filename="src/zpttrf.f">
			<Option weight="0" />
		</Unit>
		<Unit filename="src/zpttrs.f">
			<Option weight="0" />
		</Unit>
		<Unit filename="src/zptts2.f">
			<Option weight="0" />
		</Unit>
		<Unit filename="src/zrot.f">
			<Option weight="0" />
		</Unit>
		<Unit filename="src/zspcon.f">
			<Option weight="0" />
		</Unit>
		<Unit filename="src/zspmv.f">
			<Option weight="0" />
		</Unit>
		<Unit filename="src/zspr.f">
			<Option weight="0" />
		</Unit>
		<Unit filename="src/zsprfs.f">
			<Option weight="0" />
		</Unit>
		<Unit filename="src/zspsv.f">
			<Option weight="0" />
		</Unit>
		<Unit filename="src/zspsvx.f">
			<Option weight="0" />
		</Unit>
		<Unit filename="src/zsptrf.f">
			<Option weight="0" />
		</Unit>
		<Unit filename="src/zsptri.f">
			<Option weight="0" />
		</Unit>
		<Unit filename="src/zsptrs.f">
			<Option weight="0" />
		</Unit>
		<Unit filename="src/zstedc.f">
			<Option weight="0" />
		</Unit>
		<Unit filename="src/zstegr.f">
			<Option weight="0" />
		</Unit>
		<Unit filename="src/zstein.f">
			<Option weight="0" />
		</Unit>
		<Unit filename="src/zstemr.f">
			<Option weight="0" />
		</Unit>
		<Unit filename="src/zsteqr.f">
			<Option weight="0" />
		</Unit>
		<Unit filename="src/zsycon.f">
			<Option weight="0" />
		</Unit>
		<Unit filename="src/zsycon_3.f">
			<Option weight="0" />
		</Unit>
		<Unit filename="src/zsycon_rook.f">
			<Option weight="0" />
		</Unit>
		<Unit filename="src/zsyconv.f">
			<Option weight="0" />
		</Unit>
		<Unit filename="src/zsyconvf.f">
			<Option weight="0" />
		</Unit>
		<Unit filename="src/zsyconvf_rook.f">
			<Option weight="0" />
		</Unit>
		<Unit filename="src/zsyequb.f">
			<Option weight="0" />
		</Unit>
		<Unit filename="src/zsymv.f">
			<Option weight="0" />
		</Unit>
		<Unit filename="src/zsyr.f">
			<Option weight="0" />
		</Unit>
		<Unit filename="src/zsyrfs.f">
			<Option weight="0" />
		</Unit>
		<Unit filename="src/zsyrfsx.f">
			<Option weight="0" />
		</Unit>
		<Unit filename="src/zsysv.f">
			<Option weight="0" />
		</Unit>
		<Unit filename="src/zsysv_aa.f">
			<Option weight="0" />
		</Unit>
		<Unit filename="src/zsysv_aa_2stage.f">
			<Option weight="0" />
		</Unit>
		<Unit filename="src/zsysv_rk.f">
			<Option weight="0" />
		</Unit>
		<Unit filename="src/zsysv_rook.f">
			<Option weight="0" />
		</Unit>
		<Unit filename="src/zsysvx.f">
			<Option weight="0" />
		</Unit>
		<Unit filename="src/zsysvxx.f">
			<Option weight="0" />
		</Unit>
		<Unit filename="src/zsyswapr.f">
			<Option weight="0" />
		</Unit>
		<Unit filename="src/zsytf2.f">
			<Option weight="0" />
		</Unit>
		<Unit filename="src/zsytf2_rk.f">
			<Option weight="0" />
		</Unit>
		<Unit filename="src/zsytf2_rook.f">
			<Option weight="0" />
		</Unit>
		<Unit filename="src/zsytrf.f">
			<Option weight="0" />
		</Unit>
		<Unit filename="src/zsytrf_aa.f">
			<Option weight="0" />
		</Unit>
		<Unit filename="src/zsytrf_aa_2stage.f">
			<Option weight="0" />
		</Unit>
		<Unit filename="src/zsytrf_rk.f">
			<Option weight="0" />
		</Unit>
		<Unit filename="src/zsytrf_rook.f">
			<Option weight="0" />
		</Unit>
		<Unit filename="src/zsytri.f">
			<Option weight="0" />
		</Unit>
		<Unit filename="src/zsytri2.f">
			<Option weight="0" />
		</Unit>
		<Unit filename="src/zsytri2x.f">
			<Option weight="0" />
		</Unit>
		<Unit filename="src/zsytri_3.f">
			<Option weight="0" />
		</Unit>
		<Unit filename="src/zsytri_3x.f">
			<Option weight="0" />
		</Unit>
		<Unit filename="src/zsytri_rook.f">
			<Option weight="0" />
		</Unit>
		<Unit filename="src/zsytrs.f">
			<Option weight="0" />
		</Unit>
		<Unit filename="src/zsytrs2.f">
			<Option weight="0" />
		</Unit>
		<Unit filename="src/zsytrs_3.f">
			<Option weight="0" />
		</Unit>
		<Unit filename="src/zsytrs_aa.f">
			<Option weight="0" />
		</Unit>
		<Unit filename="src/zsytrs_aa_2stage.f">
			<Option weight="0" />
		</Unit>
		<Unit filename="src/zsytrs_rook.f">
			<Option weight="0" />
		</Unit>
		<Unit filename="src/ztbcon.f">
			<Option weight="0" />
		</Unit>
		<Unit filename="src/ztbrfs.f">
			<Option weight="0" />
		</Unit>
		<Unit filename="src/ztbtrs.f">
			<Option weight="0" />
		</Unit>
		<Unit filename="src/ztfsm.f">
			<Option weight="0" />
		</Unit>
		<Unit filename="src/ztftri.f">
			<Option weight="0" />
		</Unit>
		<Unit filename="src/ztfttp.f">
			<Option weight="0" />
		</Unit>
		<Unit filename="src/ztfttr.f">
			<Option weight="0" />
		</Unit>
		<Unit filename="src/ztgevc.f">
			<Option weight="0" />
		</Unit>
		<Unit filename="src/ztgex2.f">
			<Option weight="0" />
		</Unit>
		<Unit filename="src/ztgexc.f">
			<Option weight="0" />
		</Unit>
		<Unit filename="src/ztgsen.f">
			<Option weight="0" />
		</Unit>
		<Unit filename="src/ztgsja.f">
			<Option weight="0" />
		</Unit>
		<Unit filename="src/ztgsna.f">
			<Option weight="0" />
		</Unit>
		<Unit filename="src/ztgsy2.f">
			<Option weight="0" />
		</Unit>
		<Unit filename="src/ztgsyl.f">
			<Option weight="0" />
		</Unit>
		<Unit filename="src/ztpcon.f">
			<Option weight="0" />
		</Unit>
		<Unit filename="src/ztplqt.f">
			<Option weight="0" />
		</Unit>
		<Unit filename="src/ztplqt2.f">
			<Option weight="0" />
		</Unit>
		<Unit filename="src/ztpmlqt.f">
			<Option weight="0" />
		</Unit>
		<Unit filename="src/ztpmqrt.f">
			<Option weight="0" />
		</Unit>
		<Unit filename="src/ztpqrt.f">
			<Option weight="0" />
		</Unit>
		<Unit filename="src/ztpqrt2.f">
			<Option weight="0" />
		</Unit>
		<Unit filename="src/ztprfb.f">
			<Option weight="0" />
		</Unit>
		<Unit filename="src/ztprfs.f">
			<Option weight="0" />
		</Unit>
		<Unit filename="src/ztptri.f">
			<Option weight="0" />
		</Unit>
		<Unit filename="src/ztptrs.f">
			<Option weight="0" />
		</Unit>
		<Unit filename="src/ztpttf.f">
			<Option weight="0" />
		</Unit>
		<Unit filename="src/ztpttr.f">
			<Option weight="0" />
		</Unit>
		<Unit filename="src/ztrcon.f">
			<Option weight="0" />
		</Unit>
		<Unit filename="src/ztrevc.f">
			<Option weight="0" />
		</Unit>
		<Unit filename="src/ztrevc3.f">
			<Option weight="0" />
		</Unit>
		<Unit filename="src/ztrexc.f">
			<Option weight="0" />
		</Unit>
		<Unit filename="src/ztrrfs.f">
			<Option weight="0" />
		</Unit>
		<Unit filename="src/ztrsen.f">
			<Option weight="0" />
		</Unit>
		<Unit filename="src/ztrsna.f">
			<Option weight="0" />
		</Unit>
		<Unit filename="src/ztrsyl.f">
			<Option weight="0" />
		</Unit>
		<Unit filename="src/ztrti2.f">
			<Option weight="0" />
		</Unit>
		<Unit filename="src/ztrtri.f">
			<Option weight="0" />
		</Unit>
		<Unit filename="src/ztrtrs.f">
			<Option weight="0" />
		</Unit>
		<Unit filename="src/ztrttf.f">
			<Option weight="0" />
		</Unit>
		<Unit filename="src/ztrttp.f">
			<Option weight="0" />
		</Unit>
		<Unit filename="src/ztzrzf.f">
			<Option weight="0" />
		</Unit>
		<Unit filename="src/zunbdb.f">
			<Option weight="0" />
		</Unit>
		<Unit filename="src/zunbdb1.f">
			<Option weight="0" />
		</Unit>
		<Unit filename="src/zunbdb2.f">
			<Option weight="0" />
		</Unit>
		<Unit filename="src/zunbdb3.f">
			<Option weight="0" />
		</Unit>
		<Unit filename="src/zunbdb4.f">
			<Option weight="0" />
		</Unit>
		<Unit filename="src/zunbdb5.f">
			<Option weight="0" />
		</Unit>
		<Unit filename="src/zunbdb6.f">
			<Option weight="0" />
		</Unit>
		<Unit filename="src/zuncsd.f">
			<Option weight="0" />
		</Unit>
		<Unit filename="src/zuncsd2by1.f">
			<Option weight="0" />
		</Unit>
		<Unit filename="src/zung2l.f">
			<Option weight="0" />
		</Unit>
		<Unit filename="src/zung2r.f">
			<Option weight="0" />
		</Unit>
		<Unit filename="src/zungbr.f">
			<Option weight="0" />
		</Unit>
		<Unit filename="src/zunghr.f">
			<Option weight="0" />
		</Unit>
		<Unit filename="src/zungl2.f">
			<Option weight="0" />
		</Unit>
		<Unit filename="src/zunglq.f">
			<Option weight="0" />
		</Unit>
		<Unit filename="src/zungql.f">
			<Option weight="0" />
		</Unit>
		<Unit filename="src/zungqr.f">
			<Option weight="0" />
		</Unit>
		<Unit filename="src/zungr2.f">
			<Option weight="0" />
		</Unit>
		<Unit filename="src/zungrq.f">
			<Option weight="0" />
		</Unit>
		<Unit filename="src/zungtr.f">
			<Option weight="0" />
		</Unit>
		<Unit filename="src/zunm22.f">
			<Option weight="0" />
		</Unit>
		<Unit filename="src/zunm2l.f">
			<Option weight="0" />
		</Unit>
		<Unit filename="src/zunm2r.f">
			<Option weight="0" />
		</Unit>
		<Unit filename="src/zunmbr.f">
			<Option weight="0" />
		</Unit>
		<Unit filename="src/zunmhr.f">
			<Option weight="0" />
		</Unit>
		<Unit filename="src/zunml2.f">
			<Option weight="0" />
		</Unit>
		<Unit filename="src/zunmlq.f">
			<Option weight="0" />
		</Unit>
		<Unit filename="src/zunmql.f">
			<Option weight="0" />
		</Unit>
		<Unit filename="src/zunmqr.f">
			<Option weight="0" />
		</Unit>
		<Unit filename="src/zunmr2.f">
			<Option weight="0" />
		</Unit>
		<Unit filename="src/zunmr3.f">
			<Option weight="0" />
		</Unit>
		<Unit filename="src/zunmrq.f">
			<Option weight="0" />
		</Unit>
		<Unit filename="src/zunmrz.f">
			<Option weight="0" />
		</Unit>
		<Unit filename="src/zunmtr.f">
			<Option weight="0" />
		</Unit>
		<Unit filename="src/zupgtr.f">
			<Option weight="0" />
		</Unit>
		<Unit filename="src/zupmtr.f">
			<Option weight="0" />
		</Unit>
		<Extensions>
			<code_completion />
			<envvars />
			<debugger />
		</Extensions>
	</Project>
</CodeBlocks_project_file>
