<?xml version="1.0" encoding="UTF-8" standalone="yes" ?>
<CodeBlocks_project_file>
	<FileVersion major="1" minor="6" />
	<Project>
		<Option title="examples" />
		<Option pch_mode="2" />
		<Option compiler="gcc" />
		<Build>
			<Target title="Debug">
				<Option output="../bin/example" prefix_auto="1" extension_auto="1" />
				<Option working_dir="../bin" />
				<Option object_output="obj/Debug/" />
				<Option type="1" />
				<Option compiler="gcc" />
				<Compiler>
					<Add option="-g" />
				</Compiler>
			</Target>
			<Target title="Release">
				<Option output="../bin/example" prefix_auto="1" extension_auto="1" />
				<Option object_output="obj/Release/" />
				<Option type="1" />
				<Option compiler="gcc" />
				<Compiler>
					<Add option="-O2" />
				</Compiler>
				<Linker>
					<Add option="-s" />
				</Linker>
			</Target>
		</Build>
		<Compiler>
			<Add option="-Wall" />
			<Add option="-I../include" />
			<Add option="-DWIN_OS" />
		</Compiler>
		<Unit filename="../bin/gnuplot/bessel_i0.plt" />
		<Unit filename="../bin/gnuplot/bilinear_test.plt" />
		<Unit filename="../bin/gnuplot/butter_ap_test.plt" />
		<Unit filename="../bin/gnuplot/cheby1_ap_test.plt" />
		<Unit filename="../bin/gnuplot/cheby_poly1.plt" />
		<Unit filename="../bin/gnuplot/cheby_poly2.plt" />
		<Unit filename="../bin/gnuplot/filter_iir.plt" />
		<Unit filename="../bin/gnuplot/iir_bstop.plt" />
		<Unit filename="../bin/gnuplot/iir_lpf.plt" />
		<Unit filename="../bin/gnuplot/iir_test.plt" />
		<Unit filename="../bin/gnuplot/sinc_test.plt" />
		<Unit filename="../bin/gnuplot/sine_int.plt" />
		<Unit filename="../include/dspl.c">
			<Option compilerVar="CC" />
		</Unit>
		<Unit filename="../include/dspl.h" />
		<Unit filename="src/filter_iir_test.c">
			<Option compilerVar="CC" />
		</Unit>
		<Extensions>
			<code_completion />
			<envvars />
			<debugger />
		</Extensions>
	</Project>
</CodeBlocks_project_file>
